// !$*UTF8*$!
{
	archiveVersion = 1;
	classes = {
	};
	objectVersion = 50;
	objects = {

/* Begin PBXBuildFile section */
		19059C3722AF3CBB005E83DB /* JXSegmentedView.framework in Frameworks */ = {isa = PBXBuildFile; fileRef = 1908F030226F14E000E03FD5 /* JXSegmentedView.framework */; };
		19059C3822AF3CBB005E83DB /* JXSegmentedView.framework in Embed Frameworks */ = {isa = PBXBuildFile; fileRef = 1908F030226F14E000E03FD5 /* JXSegmentedView.framework */; settings = {ATTRIBUTES = (CodeSignOnCopy, RemoveHeadersOnCopy, ); }; };
		1908EEAF226F05BA00E03FD5 /* ViewController.swift in Sources */ = {isa = PBXBuildFile; fileRef = 1908EE51226F05BA00E03FD5 /* ViewController.swift */; };
		1908EEB0226F05BA00E03FD5 /* Assets.xcassets in Resources */ = {isa = PBXBuildFile; fileRef = 1908EE52226F05BA00E03FD5 /* Assets.xcassets */; };
		1908EEB1226F05BA00E03FD5 /* LaunchScreen.storyboard in Resources */ = {isa = PBXBuildFile; fileRef = 1908EE53226F05BA00E03FD5 /* LaunchScreen.storyboard */; };
		1908EEB2226F05BA00E03FD5 /* Main.storyboard in Resources */ = {isa = PBXBuildFile; fileRef = 1908EE55226F05BA00E03FD5 /* Main.storyboard */; };
		1908EEB4226F05BA00E03FD5 /* PagingViewController.swift in Sources */ = {isa = PBXBuildFile; fileRef = 1908EE5B226F05BA00E03FD5 /* PagingViewController.swift */; };
		1908EEB5226F05BA00E03FD5 /* PagingListBaseView.swift in Sources */ = {isa = PBXBuildFile; fileRef = 1908EE5C226F05BA00E03FD5 /* PagingListBaseView.swift */; };
		1908EEB6226F05BA00E03FD5 /* JXPagingMainTableView.swift in Sources */ = {isa = PBXBuildFile; fileRef = 1908EE5E226F05BA00E03FD5 /* JXPagingMainTableView.swift */; };
		1908EEB7226F05BA00E03FD5 /* JXPagingView.swift in Sources */ = {isa = PBXBuildFile; fileRef = 1908EE5F226F05BA00E03FD5 /* JXPagingView.swift */; };
		1908EEB8226F05BA00E03FD5 /* JXPagingListRefreshView.swift in Sources */ = {isa = PBXBuildFile; fileRef = 1908EE60226F05BA00E03FD5 /* JXPagingListRefreshView.swift */; };
		1908EEB9226F05BA00E03FD5 /* JXPagingListContainerView.swift in Sources */ = {isa = PBXBuildFile; fileRef = 1908EE61226F05BA00E03FD5 /* JXPagingListContainerView.swift */; };
		1908EEBA226F05BA00E03FD5 /* PagingViewTableHeaderView.swift in Sources */ = {isa = PBXBuildFile; fileRef = 1908EE62226F05BA00E03FD5 /* PagingViewTableHeaderView.swift */; };
		1908EEBB226F05BA00E03FD5 /* NaviItemCustomViewController.swift in Sources */ = {isa = PBXBuildFile; fileRef = 1908EE64226F05BA00E03FD5 /* NaviItemCustomViewController.swift */; };
		1908EEBC226F05BA00E03FD5 /* LoadDataListViewController.swift in Sources */ = {isa = PBXBuildFile; fileRef = 1908EE67226F05BA00E03FD5 /* LoadDataListViewController.swift */; };
		1908EEBD226F05BA00E03FD5 /* LoadDataViewController.swift in Sources */ = {isa = PBXBuildFile; fileRef = 1908EE68226F05BA00E03FD5 /* LoadDataViewController.swift */; };
		1908EEBE226F05BA00E03FD5 /* UIWindow+JXSafeArea.swift in Sources */ = {isa = PBXBuildFile; fileRef = 1908EE6A226F05BA00E03FD5 /* UIWindow+JXSafeArea.swift */; };
		1908EEBF226F05BA00E03FD5 /* LoadDataCustomViewController.swift in Sources */ = {isa = PBXBuildFile; fileRef = 1908EE6B226F05BA00E03FD5 /* LoadDataCustomViewController.swift */; };
		1908EEC0226F05BA00E03FD5 /* LoadDataCustomListViewController.swift in Sources */ = {isa = PBXBuildFile; fileRef = 1908EE6C226F05BA00E03FD5 /* LoadDataCustomListViewController.swift */; };
		1908EEC1226F05BA00E03FD5 /* LoadDataDetailViewController.swift in Sources */ = {isa = PBXBuildFile; fileRef = 1908EE6D226F05BA00E03FD5 /* LoadDataDetailViewController.swift */; };
		1908EEC2226F05BA00E03FD5 /* NaviSegmentedControlViewController.swift in Sources */ = {isa = PBXBuildFile; fileRef = 1908EE6F226F05BA00E03FD5 /* NaviSegmentedControlViewController.swift */; };
		1908EEC3226F05BA00E03FD5 /* SegmentedControlViewController.swift in Sources */ = {isa = PBXBuildFile; fileRef = 1908EE70226F05BA00E03FD5 /* SegmentedControlViewController.swift */; };
		1908EEC4226F05BA00E03FD5 /* NestViewController.swift in Sources */ = {isa = PBXBuildFile; fileRef = 1908EE72226F05BA00E03FD5 /* NestViewController.swift */; };
		1908EEC5226F05BA00E03FD5 /* NestChildViewController.swift in Sources */ = {isa = PBXBuildFile; fileRef = 1908EE73226F05BA00E03FD5 /* NestChildViewController.swift */; };
		1908EEC6226F05BA00E03FD5 /* TitleImageSettingViewController.swift in Sources */ = {isa = PBXBuildFile; fileRef = 1908EE75226F05BA00E03FD5 /* TitleImageSettingViewController.swift */; };
		1908EEC7226F05BA00E03FD5 /* CellCustomizeViewController.swift in Sources */ = {isa = PBXBuildFile; fileRef = 1908EE76226F05BA00E03FD5 /* CellCustomizeViewController.swift */; };
		1908EEC8226F05BA00E03FD5 /* IndicatorCustomizeViewController.swift in Sources */ = {isa = PBXBuildFile; fileRef = 1908EE77226F05BA00E03FD5 /* IndicatorCustomizeViewController.swift */; };
		1908EEC9226F05BA00E03FD5 /* ListBaseViewController.swift in Sources */ = {isa = PBXBuildFile; fileRef = 1908EE78226F05BA00E03FD5 /* ListBaseViewController.swift */; };
		1908EECA226F05BA00E03FD5 /* TestListBaseView.swift in Sources */ = {isa = PBXBuildFile; fileRef = 1908EE79226F05BA00E03FD5 /* TestListBaseView.swift */; };
		1908EECB226F05BA00E03FD5 /* ContentBaseViewController.swift in Sources */ = {isa = PBXBuildFile; fileRef = 1908EE7A226F05BA00E03FD5 /* ContentBaseViewController.swift */; };
		1908EECC226F05BA00E03FD5 /* SpecialCustomizeViewController.swift in Sources */ = {isa = PBXBuildFile; fileRef = 1908EE7B226F05BA00E03FD5 /* SpecialCustomizeViewController.swift */; };
		1908EECD226F05BA00E03FD5 /* AppDelegate.swift in Sources */ = {isa = PBXBuildFile; fileRef = 1908EE7C226F05BA00E03FD5 /* AppDelegate.swift */; };
		1908EECE226F05BA00E03FD5 /* JXSegmentedMixcellDataSource.swift in Sources */ = {isa = PBXBuildFile; fileRef = 1908EE7F226F05BA00E03FD5 /* JXSegmentedMixcellDataSource.swift */; };
		1908F031226F14E000E03FD5 /* JXSegmentedView.framework in Frameworks */ = {isa = PBXBuildFile; fileRef = 1908F030226F14E000E03FD5 /* JXSegmentedView.framework */; };
/* End PBXBuildFile section */

/* Begin PBXCopyFilesBuildPhase section */
		1908F02B226F0E7D00E03FD5 /* Embed Frameworks */ = {
			isa = PBXCopyFilesBuildPhase;
			buildActionMask = 2147483647;
			dstPath = "";
			dstSubfolderSpec = 10;
			files = (
				19059C3822AF3CBB005E83DB /* JXSegmentedView.framework in Embed Frameworks */,
			);
			name = "Embed Frameworks";
			runOnlyForDeploymentPostprocessing = 0;
		};
/* End PBXCopyFilesBuildPhase section */

/* Begin PBXFileReference section */
		1904AA2321D31F6400316F97 /* JXSegmentedViewExample.app */ = {isa = PBXFileReference; explicitFileType = wrapper.application; includeInIndex = 0; path = JXSegmentedViewExample.app; sourceTree = BUILT_PRODUCTS_DIR; };
		1908EE51226F05BA00E03FD5 /* ViewController.swift */ = {isa = PBXFileReference; fileEncoding = 4; lastKnownFileType = sourcecode.swift; path = ViewController.swift; sourceTree = "<group>"; };
		1908EE52226F05BA00E03FD5 /* Assets.xcassets */ = {isa = PBXFileReference; lastKnownFileType = folder.assetcatalog; path = Assets.xcassets; sourceTree = "<group>"; };
		1908EE54226F05BA00E03FD5 /* Base */ = {isa = PBXFileReference; lastKnownFileType = file.storyboard; name = Base; path = Base.lproj/LaunchScreen.storyboard; sourceTree = "<group>"; };
		1908EE56226F05BA00E03FD5 /* Base */ = {isa = PBXFileReference; lastKnownFileType = file.storyboard; name = Base; path = Base.lproj/Main.storyboard; sourceTree = "<group>"; };
		1908EE5B226F05BA00E03FD5 /* PagingViewController.swift */ = {isa = PBXFileReference; fileEncoding = 4; lastKnownFileType = sourcecode.swift; path = PagingViewController.swift; sourceTree = "<group>"; };
		1908EE5C226F05BA00E03FD5 /* PagingListBaseView.swift */ = {isa = PBXFileReference; fileEncoding = 4; lastKnownFileType = sourcecode.swift; path = PagingListBaseView.swift; sourceTree = "<group>"; };
		1908EE5E226F05BA00E03FD5 /* JXPagingMainTableView.swift */ = {isa = PBXFileReference; fileEncoding = 4; lastKnownFileType = sourcecode.swift; path = JXPagingMainTableView.swift; sourceTree = "<group>"; };
		1908EE5F226F05BA00E03FD5 /* JXPagingView.swift */ = {isa = PBXFileReference; fileEncoding = 4; lastKnownFileType = sourcecode.swift; path = JXPagingView.swift; sourceTree = "<group>"; };
		1908EE60226F05BA00E03FD5 /* JXPagingListRefreshView.swift */ = {isa = PBXFileReference; fileEncoding = 4; lastKnownFileType = sourcecode.swift; path = JXPagingListRefreshView.swift; sourceTree = "<group>"; };
		1908EE61226F05BA00E03FD5 /* JXPagingListContainerView.swift */ = {isa = PBXFileReference; fileEncoding = 4; lastKnownFileType = sourcecode.swift; path = JXPagingListContainerView.swift; sourceTree = "<group>"; };
		1908EE62226F05BA00E03FD5 /* PagingViewTableHeaderView.swift */ = {isa = PBXFileReference; fileEncoding = 4; lastKnownFileType = sourcecode.swift; path = PagingViewTableHeaderView.swift; sourceTree = "<group>"; };
		1908EE64226F05BA00E03FD5 /* NaviItemCustomViewController.swift */ = {isa = PBXFileReference; fileEncoding = 4; lastKnownFileType = sourcecode.swift; path = NaviItemCustomViewController.swift; sourceTree = "<group>"; };
		1908EE67226F05BA00E03FD5 /* LoadDataListViewController.swift */ = {isa = PBXFileReference; fileEncoding = 4; lastKnownFileType = sourcecode.swift; path = LoadDataListViewController.swift; sourceTree = "<group>"; };
		1908EE68226F05BA00E03FD5 /* LoadDataViewController.swift */ = {isa = PBXFileReference; fileEncoding = 4; lastKnownFileType = sourcecode.swift; path = LoadDataViewController.swift; sourceTree = "<group>"; };
		1908EE6A226F05BA00E03FD5 /* UIWindow+JXSafeArea.swift */ = {isa = PBXFileReference; fileEncoding = 4; lastKnownFileType = sourcecode.swift; path = "UIWindow+JXSafeArea.swift"; sourceTree = "<group>"; };
		1908EE6B226F05BA00E03FD5 /* LoadDataCustomViewController.swift */ = {isa = PBXFileReference; fileEncoding = 4; lastKnownFileType = sourcecode.swift; path = LoadDataCustomViewController.swift; sourceTree = "<group>"; };
		1908EE6C226F05BA00E03FD5 /* LoadDataCustomListViewController.swift */ = {isa = PBXFileReference; fileEncoding = 4; lastKnownFileType = sourcecode.swift; path = LoadDataCustomListViewController.swift; sourceTree = "<group>"; };
		1908EE6D226F05BA00E03FD5 /* LoadDataDetailViewController.swift */ = {isa = PBXFileReference; fileEncoding = 4; lastKnownFileType = sourcecode.swift; path = LoadDataDetailViewController.swift; sourceTree = "<group>"; };
		1908EE6F226F05BA00E03FD5 /* NaviSegmentedControlViewController.swift */ = {isa = PBXFileReference; fileEncoding = 4; lastKnownFileType = sourcecode.swift; path = NaviSegmentedControlViewController.swift; sourceTree = "<group>"; };
		1908EE70226F05BA00E03FD5 /* SegmentedControlViewController.swift */ = {isa = PBXFileReference; fileEncoding = 4; lastKnownFileType = sourcecode.swift; path = SegmentedControlViewController.swift; sourceTree = "<group>"; };
		1908EE72226F05BA00E03FD5 /* NestViewController.swift */ = {isa = PBXFileReference; fileEncoding = 4; lastKnownFileType = sourcecode.swift; path = NestViewController.swift; sourceTree = "<group>"; };
		1908EE73226F05BA00E03FD5 /* NestChildViewController.swift */ = {isa = PBXFileReference; fileEncoding = 4; lastKnownFileType = sourcecode.swift; path = NestChildViewController.swift; sourceTree = "<group>"; };
		1908EE75226F05BA00E03FD5 /* TitleImageSettingViewController.swift */ = {isa = PBXFileReference; fileEncoding = 4; lastKnownFileType = sourcecode.swift; path = TitleImageSettingViewController.swift; sourceTree = "<group>"; };
		1908EE76226F05BA00E03FD5 /* CellCustomizeViewController.swift */ = {isa = PBXFileReference; fileEncoding = 4; lastKnownFileType = sourcecode.swift; path = CellCustomizeViewController.swift; sourceTree = "<group>"; };
		1908EE77226F05BA00E03FD5 /* IndicatorCustomizeViewController.swift */ = {isa = PBXFileReference; fileEncoding = 4; lastKnownFileType = sourcecode.swift; path = IndicatorCustomizeViewController.swift; sourceTree = "<group>"; };
		1908EE78226F05BA00E03FD5 /* ListBaseViewController.swift */ = {isa = PBXFileReference; fileEncoding = 4; lastKnownFileType = sourcecode.swift; path = ListBaseViewController.swift; sourceTree = "<group>"; };
		1908EE79226F05BA00E03FD5 /* TestListBaseView.swift */ = {isa = PBXFileReference; fileEncoding = 4; lastKnownFileType = sourcecode.swift; path = TestListBaseView.swift; sourceTree = "<group>"; };
		1908EE7A226F05BA00E03FD5 /* ContentBaseViewController.swift */ = {isa = PBXFileReference; fileEncoding = 4; lastKnownFileType = sourcecode.swift; path = ContentBaseViewController.swift; sourceTree = "<group>"; };
		1908EE7B226F05BA00E03FD5 /* SpecialCustomizeViewController.swift */ = {isa = PBXFileReference; fileEncoding = 4; lastKnownFileType = sourcecode.swift; path = SpecialCustomizeViewController.swift; sourceTree = "<group>"; };
		1908EE7C226F05BA00E03FD5 /* AppDelegate.swift */ = {isa = PBXFileReference; fileEncoding = 4; lastKnownFileType = sourcecode.swift; path = AppDelegate.swift; sourceTree = "<group>"; };
		1908EE7F226F05BA00E03FD5 /* JXSegmentedMixcellDataSource.swift */ = {isa = PBXFileReference; fileEncoding = 4; lastKnownFileType = sourcecode.swift; path = JXSegmentedMixcellDataSource.swift; sourceTree = "<group>"; };
		1908EE80226F05BA00E03FD5 /* Info.plist */ = {isa = PBXFileReference; fileEncoding = 4; lastKnownFileType = text.plist.xml; path = Info.plist; sourceTree = "<group>"; };
		1908F030226F14E000E03FD5 /* JXSegmentedView.framework */ = {isa = PBXFileReference; explicitFileType = wrapper.framework; path = JXSegmentedView.framework; sourceTree = BUILT_PRODUCTS_DIR; };
/* End PBXFileReference section */

/* Begin PBXFrameworksBuildPhase section */
		1904AA2021D31F6400316F97 /* Frameworks */ = {
			isa = PBXFrameworksBuildPhase;
			buildActionMask = 2147483647;
			files = (
				19059C3722AF3CBB005E83DB /* JXSegmentedView.framework in Frameworks */,
				1908F031226F14E000E03FD5 /* JXSegmentedView.framework in Frameworks */,
			);
			runOnlyForDeploymentPostprocessing = 0;
		};
/* End PBXFrameworksBuildPhase section */

/* Begin PBXGroup section */
		1904AA1A21D31F6400316F97 = {
			isa = PBXGroup;
			children = (
				1908EE50226F05BA00E03FD5 /* JXSegmentedViewExample */,
				1904AA2421D31F6400316F97 /* Products */,
				1908F02C226F0EA200E03FD5 /* Frameworks */,
			);
			sourceTree = "<group>";
		};
		1904AA2421D31F6400316F97 /* Products */ = {
			isa = PBXGroup;
			children = (
				1904AA2321D31F6400316F97 /* JXSegmentedViewExample.app */,
			);
			name = Products;
			sourceTree = "<group>";
		};
		1908EE50226F05BA00E03FD5 /* JXSegmentedViewExample */ = {
			isa = PBXGroup;
			children = (
				1908EE51226F05BA00E03FD5 /* ViewController.swift */,
				1908EE52226F05BA00E03FD5 /* Assets.xcassets */,
				1908EE53226F05BA00E03FD5 /* LaunchScreen.storyboard */,
				1908EE55226F05BA00E03FD5 /* Main.storyboard */,
				1908EE59226F05BA00E03FD5 /* Special */,
				1908EE74226F05BA00E03FD5 /* Common */,
				1908EE7C226F05BA00E03FD5 /* AppDelegate.swift */,
				1908EE7D226F05BA00E03FD5 /* Custom */,
				1908EE80226F05BA00E03FD5 /* Info.plist */,
			);
			path = JXSegmentedViewExample;
			sourceTree = "<group>";
		};
		1908EE59226F05BA00E03FD5 /* Special */ = {
			isa = PBXGroup;
			children = (
				1908EE5A226F05BA00E03FD5 /* Personal */,
				1908EE63226F05BA00E03FD5 /* NaviItemGesture */,
				1908EE65226F05BA00E03FD5 /* LoadData */,
				1908EE6E226F05BA00E03FD5 /* SegmentedControl */,
				1908EE71226F05BA00E03FD5 /* Nest */,
			);
			path = Special;
			sourceTree = "<group>";
		};
		1908EE5A226F05BA00E03FD5 /* Personal */ = {
			isa = PBXGroup;
			children = (
				1908EE5B226F05BA00E03FD5 /* PagingViewController.swift */,
				1908EE5C226F05BA00E03FD5 /* PagingListBaseView.swift */,
				1908EE5D226F05BA00E03FD5 /* JXPagingView-Swift */,
				1908EE62226F05BA00E03FD5 /* PagingViewTableHeaderView.swift */,
			);
			path = Personal;
			sourceTree = "<group>";
		};
		1908EE5D226F05BA00E03FD5 /* JXPagingView-Swift */ = {
			isa = PBXGroup;
			children = (
				1908EE5E226F05BA00E03FD5 /* JXPagingMainTableView.swift */,
				1908EE5F226F05BA00E03FD5 /* JXPagingView.swift */,
				1908EE60226F05BA00E03FD5 /* JXPagingListRefreshView.swift */,
				1908EE61226F05BA00E03FD5 /* JXPagingListContainerView.swift */,
			);
			path = "JXPagingView-Swift";
			sourceTree = "<group>";
		};
		1908EE63226F05BA00E03FD5 /* NaviItemGesture */ = {
			isa = PBXGroup;
			children = (
				1908EE64226F05BA00E03FD5 /* NaviItemCustomViewController.swift */,
			);
			path = NaviItemGesture;
			sourceTree = "<group>";
		};
		1908EE65226F05BA00E03FD5 /* LoadData */ = {
			isa = PBXGroup;
			children = (
				1908EE66226F05BA00E03FD5 /* WithListContainerView */,
				1908EE69226F05BA00E03FD5 /* ListCustom */,
				1908EE6D226F05BA00E03FD5 /* LoadDataDetailViewController.swift */,
			);
			path = LoadData;
			sourceTree = "<group>";
		};
		1908EE66226F05BA00E03FD5 /* WithListContainerView */ = {
			isa = PBXGroup;
			children = (
				1908EE67226F05BA00E03FD5 /* LoadDataListViewController.swift */,
				1908EE68226F05BA00E03FD5 /* LoadDataViewController.swift */,
			);
			path = WithListContainerView;
			sourceTree = "<group>";
		};
		1908EE69226F05BA00E03FD5 /* ListCustom */ = {
			isa = PBXGroup;
			children = (
				1908EE6A226F05BA00E03FD5 /* UIWindow+JXSafeArea.swift */,
				1908EE6B226F05BA00E03FD5 /* LoadDataCustomViewController.swift */,
				1908EE6C226F05BA00E03FD5 /* LoadDataCustomListViewController.swift */,
			);
			path = ListCustom;
			sourceTree = "<group>";
		};
		1908EE6E226F05BA00E03FD5 /* SegmentedControl */ = {
			isa = PBXGroup;
			children = (
				1908EE6F226F05BA00E03FD5 /* NaviSegmentedControlViewController.swift */,
				1908EE70226F05BA00E03FD5 /* SegmentedControlViewController.swift */,
			);
			path = SegmentedControl;
			sourceTree = "<group>";
		};
		1908EE71226F05BA00E03FD5 /* Nest */ = {
			isa = PBXGroup;
			children = (
				1908EE72226F05BA00E03FD5 /* NestViewController.swift */,
				1908EE73226F05BA00E03FD5 /* NestChildViewController.swift */,
			);
			path = Nest;
			sourceTree = "<group>";
		};
		1908EE74226F05BA00E03FD5 /* Common */ = {
			isa = PBXGroup;
			children = (
				1908EE75226F05BA00E03FD5 /* TitleImageSettingViewController.swift */,
				1908EE76226F05BA00E03FD5 /* CellCustomizeViewController.swift */,
				1908EE77226F05BA00E03FD5 /* IndicatorCustomizeViewController.swift */,
				1908EE78226F05BA00E03FD5 /* ListBaseViewController.swift */,
				1908EE79226F05BA00E03FD5 /* TestListBaseView.swift */,
				1908EE7A226F05BA00E03FD5 /* ContentBaseViewController.swift */,
				1908EE7B226F05BA00E03FD5 /* SpecialCustomizeViewController.swift */,
			);
			path = Common;
			sourceTree = "<group>";
		};
		1908EE7D226F05BA00E03FD5 /* Custom */ = {
			isa = PBXGroup;
			children = (
				1908EE7E226F05BA00E03FD5 /* MixCell */,
			);
			path = Custom;
			sourceTree = "<group>";
		};
		1908EE7E226F05BA00E03FD5 /* MixCell */ = {
			isa = PBXGroup;
			children = (
				1908EE7F226F05BA00E03FD5 /* JXSegmentedMixcellDataSource.swift */,
			);
			path = MixCell;
			sourceTree = "<group>";
		};
		1908F02C226F0EA200E03FD5 /* Frameworks */ = {
			isa = PBXGroup;
			children = (
				1908F030226F14E000E03FD5 /* JXSegmentedView.framework */,
			);
			name = Frameworks;
			sourceTree = "<group>";
		};
/* End PBXGroup section */

/* Begin PBXNativeTarget section */
		1904AA2221D31F6400316F97 /* JXSegmentedViewExample */ = {
			isa = PBXNativeTarget;
			buildConfigurationList = 1904AA3521D31F6700316F97 /* Build configuration list for PBXNativeTarget "JXSegmentedViewExample" */;
			buildPhases = (
				1904AA1F21D31F6400316F97 /* Sources */,
				1904AA2021D31F6400316F97 /* Frameworks */,
				1904AA2121D31F6400316F97 /* Resources */,
				1908F02B226F0E7D00E03FD5 /* Embed Frameworks */,
			);
			buildRules = (
			);
			dependencies = (
			);
			name = JXSegmentedViewExample;
			productName = naviOrderViewExample;
			productReference = 1904AA2321D31F6400316F97 /* JXSegmentedViewExample.app */;
			productType = "com.apple.product-type.application";
		};
/* End PBXNativeTarget section */

/* Begin PBXProject section */
		1904AA1B21D31F6400316F97 /* Project object */ = {
			isa = PBXProject;
			attributes = {
				LastSwiftUpdateCheck = 1000;
				LastUpgradeCheck = 1000;
				ORGANIZATIONNAME = jiaxin;
				TargetAttributes = {
					1904AA2221D31F6400316F97 = {
						CreatedOnToolsVersion = 10.0;
					};
				};
			};
			buildConfigurationList = 1904AA1E21D31F6400316F97 /* Build configuration list for PBXProject "JXSegmentedViewExample" */;
			compatibilityVersion = "Xcode 9.3";
			developmentRegion = en;
			hasScannedForEncodings = 0;
			knownRegions = (
				en,
				Base,
			);
			mainGroup = 1904AA1A21D31F6400316F97;
			productRefGroup = 1904AA2421D31F6400316F97 /* Products */;
			projectDirPath = "";
			projectRoot = "";
			targets = (
				1904AA2221D31F6400316F97 /* JXSegmentedViewExample */,
			);
		};
/* End PBXProject section */

/* Begin PBXResourcesBuildPhase section */
		1904AA2121D31F6400316F97 /* Resources */ = {
			isa = PBXResourcesBuildPhase;
			buildActionMask = 2147483647;
			files = (
				1908EEB2226F05BA00E03FD5 /* Main.storyboard in Resources */,
				1908EEB0226F05BA00E03FD5 /* Assets.xcassets in Resources */,
				1908EEB1226F05BA00E03FD5 /* LaunchScreen.storyboard in Resources */,
			);
			runOnlyForDeploymentPostprocessing = 0;
		};
/* End PBXResourcesBuildPhase section */

/* Begin PBXSourcesBuildPhase section */
		1904AA1F21D31F6400316F97 /* Sources */ = {
			isa = PBXSourcesBuildPhase;
			buildActionMask = 2147483647;
			files = (
				1908EEBD226F05BA00E03FD5 /* LoadDataViewController.swift in Sources */,
				1908EECA226F05BA00E03FD5 /* TestListBaseView.swift in Sources */,
				1908EEC7226F05BA00E03FD5 /* CellCustomizeViewController.swift in Sources */,
				1908EEC5226F05BA00E03FD5 /* NestChildViewController.swift in Sources */,
				1908EEC2226F05BA00E03FD5 /* NaviSegmentedControlViewController.swift in Sources */,
				1908EEB6226F05BA00E03FD5 /* JXPagingMainTableView.swift in Sources */,
				1908EEC9226F05BA00E03FD5 /* ListBaseViewController.swift in Sources */,
				1908EEC1226F05BA00E03FD5 /* LoadDataDetailViewController.swift in Sources */,
				1908EEB4226F05BA00E03FD5 /* PagingViewController.swift in Sources */,
				1908EEC8226F05BA00E03FD5 /* IndicatorCustomizeViewController.swift in Sources */,
				1908EEBC226F05BA00E03FD5 /* LoadDataListViewController.swift in Sources */,
				1908EEC0226F05BA00E03FD5 /* LoadDataCustomListViewController.swift in Sources */,
				1908EEBB226F05BA00E03FD5 /* NaviItemCustomViewController.swift in Sources */,
				1908EEBA226F05BA00E03FD5 /* PagingViewTableHeaderView.swift in Sources */,
				1908EECD226F05BA00E03FD5 /* AppDelegate.swift in Sources */,
				1908EEAF226F05BA00E03FD5 /* ViewController.swift in Sources */,
				1908EEBE226F05BA00E03FD5 /* UIWindow+JXSafeArea.swift in Sources */,
				1908EEC6226F05BA00E03FD5 /* TitleImageSettingViewController.swift in Sources */,
				1908EEC4226F05BA00E03FD5 /* NestViewController.swift in Sources */,
				1908EECC226F05BA00E03FD5 /* SpecialCustomizeViewController.swift in Sources */,
				1908EEB9226F05BA00E03FD5 /* JXPagingListContainerView.swift in Sources */,
				1908EEC3226F05BA00E03FD5 /* SegmentedControlViewController.swift in Sources */,
				1908EECB226F05BA00E03FD5 /* ContentBaseViewController.swift in Sources */,
				1908EEB8226F05BA00E03FD5 /* JXPagingListRefreshView.swift in Sources */,
				1908EEBF226F05BA00E03FD5 /* LoadDataCustomViewController.swift in Sources */,
				1908EEB7226F05BA00E03FD5 /* JXPagingView.swift in Sources */,
				1908EECE226F05BA00E03FD5 /* JXSegmentedMixcellDataSource.swift in Sources */,
				1908EEB5226F05BA00E03FD5 /* PagingListBaseView.swift in Sources */,
			);
			runOnlyForDeploymentPostprocessing = 0;
		};
/* End PBXSourcesBuildPhase section */

/* Begin PBXVariantGroup section */
		1908EE53226F05BA00E03FD5 /* LaunchScreen.storyboard */ = {
			isa = PBXVariantGroup;
			children = (
				1908EE54226F05BA00E03FD5 /* Base */,
			);
			name = LaunchScreen.storyboard;
			sourceTree = "<group>";
		};
		1908EE55226F05BA00E03FD5 /* Main.storyboard */ = {
			isa = PBXVariantGroup;
			children = (
				1908EE56226F05BA00E03FD5 /* Base */,
			);
			name = Main.storyboard;
			sourceTree = "<group>";
		};
/* End PBXVariantGroup section */

/* Begin XCBuildConfiguration section */
		1904AA3321D31F6700316F97 /* Debug */ = {
			isa = XCBuildConfiguration;
			buildSettings = {
				ALWAYS_SEARCH_USER_PATHS = NO;
				CLANG_ANALYZER_NONNULL = YES;
				CLANG_ANALYZER_NUMBER_OBJECT_CONVERSION = YES_AGGRESSIVE;
				CLANG_CXX_LANGUAGE_STANDARD = "gnu++14";
				CLANG_CXX_LIBRARY = "libc++";
				CLANG_ENABLE_MODULES = YES;
				CLANG_ENABLE_OBJC_ARC = YES;
				CLANG_ENABLE_OBJC_WEAK = YES;
				CLANG_WARN_BLOCK_CAPTURE_AUTORELEASING = YES;
				CLANG_WARN_BOOL_CONVERSION = YES;
				CLANG_WARN_COMMA = YES;
				CLANG_WARN_CONSTANT_CONVERSION = YES;
				CLANG_WARN_DEPRECATED_OBJC_IMPLEMENTATIONS = YES;
				CLANG_WARN_DIRECT_OBJC_ISA_USAGE = YES_ERROR;
				CLANG_WARN_DOCUMENTATION_COMMENTS = YES;
				CLANG_WARN_EMPTY_BODY = YES;
				CLANG_WARN_ENUM_CONVERSION = YES;
				CLANG_WARN_INFINITE_RECURSION = YES;
				CLANG_WARN_INT_CONVERSION = YES;
				CLANG_WARN_NON_LITERAL_NULL_CONVERSION = YES;
				CLANG_WARN_OBJC_IMPLICIT_RETAIN_SELF = YES;
				CLANG_WARN_OBJC_LITERAL_CONVERSION = YES;
				CLANG_WARN_OBJC_ROOT_CLASS = YES_ERROR;
				CLANG_WARN_RANGE_LOOP_ANALYSIS = YES;
				CLANG_WARN_STRICT_PROTOTYPES = YES;
				CLANG_WARN_SUSPICIOUS_MOVE = YES;
				CLANG_WARN_UNGUARDED_AVAILABILITY = YES_AGGRESSIVE;
				CLANG_WARN_UNREACHABLE_CODE = YES;
				CLANG_WARN__DUPLICATE_METHOD_MATCH = YES;
				CODE_SIGN_IDENTITY = "iPhone Developer";
				COPY_PHASE_STRIP = NO;
				DEBUG_INFORMATION_FORMAT = dwarf;
				ENABLE_STRICT_OBJC_MSGSEND = YES;
				ENABLE_TESTABILITY = YES;
				GCC_C_LANGUAGE_STANDARD = gnu11;
				GCC_DYNAMIC_NO_PIC = NO;
				GCC_NO_COMMON_BLOCKS = YES;
				GCC_OPTIMIZATION_LEVEL = 0;
				GCC_PREPROCESSOR_DEFINITIONS = (
					"DEBUG=1",
					"$(inherited)",
				);
				GCC_WARN_64_TO_32_BIT_CONVERSION = YES;
				GCC_WARN_ABOUT_RETURN_TYPE = YES_ERROR;
				GCC_WARN_UNDECLARED_SELECTOR = YES;
				GCC_WARN_UNINITIALIZED_AUTOS = YES_AGGRESSIVE;
				GCC_WARN_UNUSED_FUNCTION = YES;
				GCC_WARN_UNUSED_VARIABLE = YES;
				IPHONEOS_DEPLOYMENT_TARGET = 8.0;
				MTL_ENABLE_DEBUG_INFO = INCLUDE_SOURCE;
				MTL_FAST_MATH = YES;
				ONLY_ACTIVE_ARCH = YES;
				SDKROOT = iphoneos;
				SWIFT_ACTIVE_COMPILATION_CONDITIONS = DEBUG;
				SWIFT_OPTIMIZATION_LEVEL = "-Onone";
				SWIFT_VERSION = 4.2;
			};
			name = Debug;
		};
		1904AA3421D31F6700316F97 /* Release */ = {
			isa = XCBuildConfiguration;
			buildSettings = {
				ALWAYS_SEARCH_USER_PATHS = NO;
				CLANG_ANALYZER_NONNULL = YES;
				CLANG_ANALYZER_NUMBER_OBJECT_CONVERSION = YES_AGGRESSIVE;
				CLANG_CXX_LANGUAGE_STANDARD = "gnu++14";
				CLANG_CXX_LIBRARY = "libc++";
				CLANG_ENABLE_MODULES = YES;
				CLANG_ENABLE_OBJC_ARC = YES;
				CLANG_ENABLE_OBJC_WEAK = YES;
				CLANG_WARN_BLOCK_CAPTURE_AUTORELEASING = YES;
				CLANG_WARN_BOOL_CONVERSION = YES;
				CLANG_WARN_COMMA = YES;
				CLANG_WARN_CONSTANT_CONVERSION = YES;
				CLANG_WARN_DEPRECATED_OBJC_IMPLEMENTATIONS = YES;
				CLANG_WARN_DIRECT_OBJC_ISA_USAGE = YES_ERROR;
				CLANG_WARN_DOCUMENTATION_COMMENTS = YES;
				CLANG_WARN_EMPTY_BODY = YES;
				CLANG_WARN_ENUM_CONVERSION = YES;
				CLANG_WARN_INFINITE_RECURSION = YES;
				CLANG_WARN_INT_CONVERSION = YES;
				CLANG_WARN_NON_LITERAL_NULL_CONVERSION = YES;
				CLANG_WARN_OBJC_IMPLICIT_RETAIN_SELF = YES;
				CLANG_WARN_OBJC_LITERAL_CONVERSION = YES;
				CLANG_WARN_OBJC_ROOT_CLASS = YES_ERROR;
				CLANG_WARN_RANGE_LOOP_ANALYSIS = YES;
				CLANG_WARN_STRICT_PROTOTYPES = YES;
				CLANG_WARN_SUSPICIOUS_MOVE = YES;
				CLANG_WARN_UNGUARDED_AVAILABILITY = YES_AGGRESSIVE;
				CLANG_WARN_UNREACHABLE_CODE = YES;
				CLANG_WARN__DUPLICATE_METHOD_MATCH = YES;
				CODE_SIGN_IDENTITY = "iPhone Developer";
				COPY_PHASE_STRIP = NO;
				DEBUG_INFORMATION_FORMAT = "dwarf-with-dsym";
				ENABLE_NS_ASSERTIONS = NO;
				ENABLE_STRICT_OBJC_MSGSEND = YES;
				GCC_C_LANGUAGE_STANDARD = gnu11;
				GCC_NO_COMMON_BLOCKS = YES;
				GCC_WARN_64_TO_32_BIT_CONVERSION = YES;
				GCC_WARN_ABOUT_RETURN_TYPE = YES_ERROR;
				GCC_WARN_UNDECLARED_SELECTOR = YES;
				GCC_WARN_UNINITIALIZED_AUTOS = YES_AGGRESSIVE;
				GCC_WARN_UNUSED_FUNCTION = YES;
				GCC_WARN_UNUSED_VARIABLE = YES;
				IPHONEOS_DEPLOYMENT_TARGET = 8.0;
				MTL_ENABLE_DEBUG_INFO = NO;
				MTL_FAST_MATH = YES;
				SDKROOT = iphoneos;
				SWIFT_COMPILATION_MODE = wholemodule;
				SWIFT_OPTIMIZATION_LEVEL = "-O";
				SWIFT_VERSION = 4.2;
				VALIDATE_PRODUCT = YES;
			};
			name = Release;
		};
		1904AA3621D31F6700316F97 /* Debug */ = {
			isa = XCBuildConfiguration;
			buildSettings = {
				ASSETCATALOG_COMPILER_APPICON_NAME = AppIcon;
				CODE_SIGN_IDENTITY = "iPhone Developer";
				CODE_SIGN_STYLE = Automatic;
				DEBUG_INFORMATION_FORMAT = dwarf;
				DEVELOPMENT_TEAM = FB56U85EZE;
				INFOPLIST_FILE = "$(SRCROOT)/JXSegmentedViewExample/Info.plist";
				IPHONEOS_DEPLOYMENT_TARGET = 8.0;
				LD_RUNPATH_SEARCH_PATHS = (
					"$(inherited)",
					"@executable_path/Frameworks",
				);
				PRODUCT_BUNDLE_IDENTIFIER = jiaxin.JXSegmentedViewExample.33;
				PRODUCT_NAME = "$(TARGET_NAME)";
				PROVISIONING_PROFILE_SPECIFIER = "";
				SWIFT_VERSION = 4.2;
				TARGETED_DEVICE_FAMILY = 1;
			};
			name = Debug;
		};
		1904AA3721D31F6700316F97 /* Release */ = {
			isa = XCBuildConfiguration;
			buildSettings = {
				ASSETCATALOG_COMPILER_APPICON_NAME = AppIcon;
				CODE_SIGN_IDENTITY = "iPhone Developer";
				CODE_SIGN_STYLE = Automatic;
				DEBUG_INFORMATION_FORMAT = dwarf;
				DEVELOPMENT_TEAM = FB56U85EZE;
				INFOPLIST_FILE = "$(SRCROOT)/JXSegmentedViewExample/Info.plist";
				IPHONEOS_DEPLOYMENT_TARGET = 8.0;
				LD_RUNPATH_SEARCH_PATHS = (
					"$(inherited)",
					"@executable_path/Frameworks",
				);
				PRODUCT_BUNDLE_IDENTIFIER = jiaxin.JXSegmentedViewExample.33;
				PRODUCT_NAME = "$(TARGET_NAME)";
				PROVISIONING_PROFILE_SPECIFIER = "";
				SWIFT_VERSION = 4.2;
				TARGETED_DEVICE_FAMILY = 1;
			};
			name = Release;
		};
/* End XCBuildConfiguration section */

/* Begin XCConfigurationList section */
		1904AA1E21D31F6400316F97 /* Build configuration list for PBXProject "JXSegmentedViewExample" */ = {
			isa = XCConfigurationList;
			buildConfigurations = (
				1904AA3321D31F6700316F97 /* Debug */,
				1904AA3421D31F6700316F97 /* Release */,
			);
			defaultConfigurationIsVisible = 0;
			defaultConfigurationName = Release;
		};
		1904AA3521D31F6700316F97 /* Build configuration list for PBXNativeTarget "JXSegmentedViewExample" */ = {
			isa = XCConfigurationList;
			buildConfigurations = (
				1904AA3621D31F6700316F97 /* Debug */,
				1904AA3721D31F6700316F97 /* Release */,
			);
			defaultConfigurationIsVisible = 0;
			defaultConfigurationName = Release;
		};
/* End XCConfigurationList section */
	};
	rootObject = 1904AA1B21D31F6400316F97 /* Project object */;
}
