// !$*UTF8*$!
{
	archiveVersion = 1;
	classes = {
	};
	objectVersion = 48;
	objects = {

/* Begin PBXBuildFile section */
		1908EFFF226F0B3800E03FD5 /* JXSegmentedTitleOrImageItemModel.swift in Sources */ = {isa = PBXBuildFile; fileRef = 1908EFCD226F0B3700E03FD5 /* JXSegmentedTitleOrImageItemModel.swift */; };
		1908F000226F0B3800E03FD5 /* JXSegmentedTitleOrImageDataSource.swift in Sources */ = {isa = PBXBuildFile; fileRef = 1908EFCE226F0B3700E03FD5 /* JXSegmentedTitleOrImageDataSource.swift */; };
		1908F001226F0B3800E03FD5 /* JXSegmentedTitleOrImageCell.swift in Sources */ = {isa = PBXBuildFile; fileRef = 1908EFCF226F0B3700E03FD5 /* JXSegmentedTitleOrImageCell.swift */; };
		1908F002226F0B3800E03FD5 /* JXSegmentedBaseDataSource.swift in Sources */ = {isa = PBXBuildFile; fileRef = 1908EFD1226F0B3700E03FD5 /* JXSegmentedBaseDataSource.swift */; };
		1908F003226F0B3800E03FD5 /* JXSegmentedBaseItemModel.swift in Sources */ = {isa = PBXBuildFile; fileRef = 1908EFD2226F0B3700E03FD5 /* JXSegmentedBaseItemModel.swift */; };
		1908F004226F0B3800E03FD5 /* JXSegmentedBaseCell.swift in Sources */ = {isa = PBXBuildFile; fileRef = 1908EFD3226F0B3700E03FD5 /* JXSegmentedBaseCell.swift */; };
		1908F005226F0B3800E03FD5 /* JXSegmentedCollectionView.swift in Sources */ = {isa = PBXBuildFile; fileRef = 1908EFD4226F0B3700E03FD5 /* JXSegmentedCollectionView.swift */; };
		1908F006226F0B3800E03FD5 /* JXSegmentedView.swift in Sources */ = {isa = PBXBuildFile; fileRef = 1908EFD5226F0B3700E03FD5 /* JXSegmentedView.swift */; };
		1908F007226F0B3800E03FD5 /* JXSegmentedIndicatorDotLineView.swift in Sources */ = {isa = PBXBuildFile; fileRef = 1908EFD7226F0B3700E03FD5 /* JXSegmentedIndicatorDotLineView.swift */; };
		1908F008226F0B3800E03FD5 /* JXSegmentedIndicatorGradientView.swift in Sources */ = {isa = PBXBuildFile; fileRef = 1908EFD8226F0B3700E03FD5 /* JXSegmentedIndicatorGradientView.swift */; };
		1908F009226F0B3800E03FD5 /* JXSegmentedIndicatorTriangleView.swift in Sources */ = {isa = PBXBuildFile; fileRef = 1908EFD9226F0B3700E03FD5 /* JXSegmentedIndicatorTriangleView.swift */; };
		1908F00A226F0B3800E03FD5 /* JXSegmentedIndicatorBaseView.swift in Sources */ = {isa = PBXBuildFile; fileRef = 1908EFDA226F0B3700E03FD5 /* JXSegmentedIndicatorBaseView.swift */; };
		1908F00B226F0B3800E03FD5 /* JXSegmentedIndicatorRainbowLineView.swift in Sources */ = {isa = PBXBuildFile; fileRef = 1908EFDB226F0B3700E03FD5 /* JXSegmentedIndicatorRainbowLineView.swift */; };
		1908F00C226F0B3800E03FD5 /* JXSegmentedIndicatorImageView.swift in Sources */ = {isa = PBXBuildFile; fileRef = 1908EFDC226F0B3700E03FD5 /* JXSegmentedIndicatorImageView.swift */; };
		1908F00D226F0B3800E03FD5 /* JXSegmentedIndicatorBackgroundView.swift in Sources */ = {isa = PBXBuildFile; fileRef = 1908EFDD226F0B3700E03FD5 /* JXSegmentedIndicatorBackgroundView.swift */; };
		1908F00E226F0B3800E03FD5 /* JXSegmentedIndicatorLineView.swift in Sources */ = {isa = PBXBuildFile; fileRef = 1908EFDE226F0B3700E03FD5 /* JXSegmentedIndicatorLineView.swift */; };
		1908F00F226F0B3800E03FD5 /* JXSegmentedIndicatorProtocol.swift in Sources */ = {isa = PBXBuildFile; fileRef = 1908EFDF226F0B3700E03FD5 /* JXSegmentedIndicatorProtocol.swift */; };
		1908F010226F0B3800E03FD5 /* JXSegmentedIndicatorParams.swift in Sources */ = {isa = PBXBuildFile; fileRef = 1908EFE0226F0B3700E03FD5 /* JXSegmentedIndicatorParams.swift */; };
		1908F011226F0B3800E03FD5 /* JXSegmentedIndicatorDoubleLineView.swift in Sources */ = {isa = PBXBuildFile; fileRef = 1908EFE1226F0B3700E03FD5 /* JXSegmentedIndicatorDoubleLineView.swift */; };
		1908F012226F0B3800E03FD5 /* JXSegmentedComponetGradientView.swift in Sources */ = {isa = PBXBuildFile; fileRef = 1908EFE2226F0B3700E03FD5 /* JXSegmentedComponetGradientView.swift */; };
		1908F013226F0B3800E03FD5 /* JXSegmentedDotCell.swift in Sources */ = {isa = PBXBuildFile; fileRef = 1908EFE4226F0B3700E03FD5 /* JXSegmentedDotCell.swift */; };
		1908F014226F0B3800E03FD5 /* JXSegmentedDotDataSource.swift in Sources */ = {isa = PBXBuildFile; fileRef = 1908EFE5226F0B3700E03FD5 /* JXSegmentedDotDataSource.swift */; };
		1908F015226F0B3800E03FD5 /* JXSegmentedDotItemModel.swift in Sources */ = {isa = PBXBuildFile; fileRef = 1908EFE6226F0B3700E03FD5 /* JXSegmentedDotItemModel.swift */; };
		1908F016226F0B3800E03FD5 /* JXSegmentedTitleImageCell.swift in Sources */ = {isa = PBXBuildFile; fileRef = 1908EFE8226F0B3700E03FD5 /* JXSegmentedTitleImageCell.swift */; };
		1908F017226F0B3800E03FD5 /* JXSegmentedTitleImageItemModel.swift in Sources */ = {isa = PBXBuildFile; fileRef = 1908EFE9226F0B3700E03FD5 /* JXSegmentedTitleImageItemModel.swift */; };
		1908F018226F0B3800E03FD5 /* JXSegmentedTitleImageDataSource.swift in Sources */ = {isa = PBXBuildFile; fileRef = 1908EFEA226F0B3700E03FD5 /* JXSegmentedTitleImageDataSource.swift */; };
		1908F019226F0B3800E03FD5 /* JXSegmentedTitleCell.swift in Sources */ = {isa = PBXBuildFile; fileRef = 1908EFEC226F0B3700E03FD5 /* JXSegmentedTitleCell.swift */; };
		1908F01A226F0B3800E03FD5 /* JXSegmentedTitleItemModel.swift in Sources */ = {isa = PBXBuildFile; fileRef = 1908EFED226F0B3700E03FD5 /* JXSegmentedTitleItemModel.swift */; };
		1908F01B226F0B3800E03FD5 /* JXSegmentedTitleDataSource.swift in Sources */ = {isa = PBXBuildFile; fileRef = 1908EFEE226F0B3700E03FD5 /* JXSegmentedTitleDataSource.swift */; };
		1908F01C226F0B3800E03FD5 /* JXSegmentedTitleGradientDataSource.swift in Sources */ = {isa = PBXBuildFile; fileRef = 1908EFF0226F0B3700E03FD5 /* JXSegmentedTitleGradientDataSource.swift */; };
		1908F01D226F0B3800E03FD5 /* JXSegmentedTitleGradientCell.swift in Sources */ = {isa = PBXBuildFile; fileRef = 1908EFF1226F0B3700E03FD5 /* JXSegmentedTitleGradientCell.swift */; };
		1908F01E226F0B3800E03FD5 /* JXSegmentedTitleGradientItemModel.swift in Sources */ = {isa = PBXBuildFile; fileRef = 1908EFF2226F0B3700E03FD5 /* JXSegmentedTitleGradientItemModel.swift */; };
		1908F01F226F0B3800E03FD5 /* JXSegmentedNumberDataSource.swift in Sources */ = {isa = PBXBuildFile; fileRef = 1908EFF4226F0B3700E03FD5 /* JXSegmentedNumberDataSource.swift */; };
		1908F020226F0B3800E03FD5 /* JXSegmentedNumberItemModel.swift in Sources */ = {isa = PBXBuildFile; fileRef = 1908EFF5226F0B3700E03FD5 /* JXSegmentedNumberItemModel.swift */; };
		1908F021226F0B3800E03FD5 /* JXSegmentedNumberCell.swift in Sources */ = {isa = PBXBuildFile; fileRef = 1908EFF6226F0B3700E03FD5 /* JXSegmentedNumberCell.swift */; };
		1908F022226F0B3800E03FD5 /* JXSegmentedListContainerView.swift in Sources */ = {isa = PBXBuildFile; fileRef = 1908EFF8226F0B3700E03FD5 /* JXSegmentedListContainerView.swift */; };
		1908F023226F0B3800E03FD5 /* JXSegmentedAnimator.swift in Sources */ = {isa = PBXBuildFile; fileRef = 1908EFF9226F0B3700E03FD5 /* JXSegmentedAnimator.swift */; };
		1908F024226F0B3800E03FD5 /* JXSegmentedViewTool.swift in Sources */ = {isa = PBXBuildFile; fileRef = 1908EFFA226F0B3800E03FD5 /* JXSegmentedViewTool.swift */; };
		1908F025226F0B3800E03FD5 /* JXSegmentedTitleAttributeDataSource.swift in Sources */ = {isa = PBXBuildFile; fileRef = 1908EFFC226F0B3800E03FD5 /* JXSegmentedTitleAttributeDataSource.swift */; };
		1908F026226F0B3800E03FD5 /* JXSegmentedTitleAttributeItemModel.swift in Sources */ = {isa = PBXBuildFile; fileRef = 1908EFFD226F0B3800E03FD5 /* JXSegmentedTitleAttributeItemModel.swift */; };
		1908F027226F0B3800E03FD5 /* JXSegmentedTitleAttributeCell.swift in Sources */ = {isa = PBXBuildFile; fileRef = 1908EFFE226F0B3800E03FD5 /* JXSegmentedTitleAttributeCell.swift */; };
/* End PBXBuildFile section */

/* Begin PBXFileReference section */
		1908EF63226F0A1300E03FD5 /* JXSegmentedView.framework */ = {isa = PBXFileReference; explicitFileType = wrapper.framework; includeInIndex = 0; path = JXSegmentedView.framework; sourceTree = BUILT_PRODUCTS_DIR; };
		1908EF67226F0A1300E03FD5 /* Info.plist */ = {isa = PBXFileReference; lastKnownFileType = text.plist.xml; path = Info.plist; sourceTree = "<group>"; };
		1908EFCD226F0B3700E03FD5 /* JXSegmentedTitleOrImageItemModel.swift */ = {isa = PBXFileReference; fileEncoding = 4; lastKnownFileType = sourcecode.swift; path = JXSegmentedTitleOrImageItemModel.swift; sourceTree = "<group>"; };
		1908EFCE226F0B3700E03FD5 /* JXSegmentedTitleOrImageDataSource.swift */ = {isa = PBXFileReference; fileEncoding = 4; lastKnownFileType = sourcecode.swift; path = JXSegmentedTitleOrImageDataSource.swift; sourceTree = "<group>"; };
		1908EFCF226F0B3700E03FD5 /* JXSegmentedTitleOrImageCell.swift */ = {isa = PBXFileReference; fileEncoding = 4; lastKnownFileType = sourcecode.swift; path = JXSegmentedTitleOrImageCell.swift; sourceTree = "<group>"; };
		1908EFD1226F0B3700E03FD5 /* JXSegmentedBaseDataSource.swift */ = {isa = PBXFileReference; fileEncoding = 4; lastKnownFileType = sourcecode.swift; path = JXSegmentedBaseDataSource.swift; sourceTree = "<group>"; };
		1908EFD2226F0B3700E03FD5 /* JXSegmentedBaseItemModel.swift */ = {isa = PBXFileReference; fileEncoding = 4; lastKnownFileType = sourcecode.swift; path = JXSegmentedBaseItemModel.swift; sourceTree = "<group>"; };
		1908EFD3226F0B3700E03FD5 /* JXSegmentedBaseCell.swift */ = {isa = PBXFileReference; fileEncoding = 4; lastKnownFileType = sourcecode.swift; path = JXSegmentedBaseCell.swift; sourceTree = "<group>"; };
		1908EFD4226F0B3700E03FD5 /* JXSegmentedCollectionView.swift */ = {isa = PBXFileReference; fileEncoding = 4; lastKnownFileType = sourcecode.swift; path = JXSegmentedCollectionView.swift; sourceTree = "<group>"; };
		1908EFD5226F0B3700E03FD5 /* JXSegmentedView.swift */ = {isa = PBXFileReference; fileEncoding = 4; lastKnownFileType = sourcecode.swift; path = JXSegmentedView.swift; sourceTree = "<group>"; };
		1908EFD7226F0B3700E03FD5 /* JXSegmentedIndicatorDotLineView.swift */ = {isa = PBXFileReference; fileEncoding = 4; lastKnownFileType = sourcecode.swift; path = JXSegmentedIndicatorDotLineView.swift; sourceTree = "<group>"; };
		1908EFD8226F0B3700E03FD5 /* JXSegmentedIndicatorGradientView.swift */ = {isa = PBXFileReference; fileEncoding = 4; lastKnownFileType = sourcecode.swift; path = JXSegmentedIndicatorGradientView.swift; sourceTree = "<group>"; };
		1908EFD9226F0B3700E03FD5 /* JXSegmentedIndicatorTriangleView.swift */ = {isa = PBXFileReference; fileEncoding = 4; lastKnownFileType = sourcecode.swift; path = JXSegmentedIndicatorTriangleView.swift; sourceTree = "<group>"; };
		1908EFDA226F0B3700E03FD5 /* JXSegmentedIndicatorBaseView.swift */ = {isa = PBXFileReference; fileEncoding = 4; lastKnownFileType = sourcecode.swift; path = JXSegmentedIndicatorBaseView.swift; sourceTree = "<group>"; };
		1908EFDB226F0B3700E03FD5 /* JXSegmentedIndicatorRainbowLineView.swift */ = {isa = PBXFileReference; fileEncoding = 4; lastKnownFileType = sourcecode.swift; path = JXSegmentedIndicatorRainbowLineView.swift; sourceTree = "<group>"; };
		1908EFDC226F0B3700E03FD5 /* JXSegmentedIndicatorImageView.swift */ = {isa = PBXFileReference; fileEncoding = 4; lastKnownFileType = sourcecode.swift; path = JXSegmentedIndicatorImageView.swift; sourceTree = "<group>"; };
		1908EFDD226F0B3700E03FD5 /* JXSegmentedIndicatorBackgroundView.swift */ = {isa = PBXFileReference; fileEncoding = 4; lastKnownFileType = sourcecode.swift; path = JXSegmentedIndicatorBackgroundView.swift; sourceTree = "<group>"; };
		1908EFDE226F0B3700E03FD5 /* JXSegmentedIndicatorLineView.swift */ = {isa = PBXFileReference; fileEncoding = 4; lastKnownFileType = sourcecode.swift; path = JXSegmentedIndicatorLineView.swift; sourceTree = "<group>"; };
		1908EFDF226F0B3700E03FD5 /* JXSegmentedIndicatorProtocol.swift */ = {isa = PBXFileReference; fileEncoding = 4; lastKnownFileType = sourcecode.swift; path = JXSegmentedIndicatorProtocol.swift; sourceTree = "<group>"; };
		1908EFE0226F0B3700E03FD5 /* JXSegmentedIndicatorParams.swift */ = {isa = PBXFileReference; fileEncoding = 4; lastKnownFileType = sourcecode.swift; path = JXSegmentedIndicatorParams.swift; sourceTree = "<group>"; };
		1908EFE1226F0B3700E03FD5 /* JXSegmentedIndicatorDoubleLineView.swift */ = {isa = PBXFileReference; fileEncoding = 4; lastKnownFileType = sourcecode.swift; path = JXSegmentedIndicatorDoubleLineView.swift; sourceTree = "<group>"; };
		1908EFE2226F0B3700E03FD5 /* JXSegmentedComponetGradientView.swift */ = {isa = PBXFileReference; fileEncoding = 4; lastKnownFileType = sourcecode.swift; path = JXSegmentedComponetGradientView.swift; sourceTree = "<group>"; };
		1908EFE4226F0B3700E03FD5 /* JXSegmentedDotCell.swift */ = {isa = PBXFileReference; fileEncoding = 4; lastKnownFileType = sourcecode.swift; path = JXSegmentedDotCell.swift; sourceTree = "<group>"; };
		1908EFE5226F0B3700E03FD5 /* JXSegmentedDotDataSource.swift */ = {isa = PBXFileReference; fileEncoding = 4; lastKnownFileType = sourcecode.swift; path = JXSegmentedDotDataSource.swift; sourceTree = "<group>"; };
		1908EFE6226F0B3700E03FD5 /* JXSegmentedDotItemModel.swift */ = {isa = PBXFileReference; fileEncoding = 4; lastKnownFileType = sourcecode.swift; path = JXSegmentedDotItemModel.swift; sourceTree = "<group>"; };
		1908EFE8226F0B3700E03FD5 /* JXSegmentedTitleImageCell.swift */ = {isa = PBXFileReference; fileEncoding = 4; lastKnownFileType = sourcecode.swift; path = JXSegmentedTitleImageCell.swift; sourceTree = "<group>"; };
		1908EFE9226F0B3700E03FD5 /* JXSegmentedTitleImageItemModel.swift */ = {isa = PBXFileReference; fileEncoding = 4; lastKnownFileType = sourcecode.swift; path = JXSegmentedTitleImageItemModel.swift; sourceTree = "<group>"; };
		1908EFEA226F0B3700E03FD5 /* JXSegmentedTitleImageDataSource.swift */ = {isa = PBXFileReference; fileEncoding = 4; lastKnownFileType = sourcecode.swift; path = JXSegmentedTitleImageDataSource.swift; sourceTree = "<group>"; };
		1908EFEC226F0B3700E03FD5 /* JXSegmentedTitleCell.swift */ = {isa = PBXFileReference; fileEncoding = 4; lastKnownFileType = sourcecode.swift; path = JXSegmentedTitleCell.swift; sourceTree = "<group>"; };
		1908EFED226F0B3700E03FD5 /* JXSegmentedTitleItemModel.swift */ = {isa = PBXFileReference; fileEncoding = 4; lastKnownFileType = sourcecode.swift; path = JXSegmentedTitleItemModel.swift; sourceTree = "<group>"; };
		1908EFEE226F0B3700E03FD5 /* JXSegmentedTitleDataSource.swift */ = {isa = PBXFileReference; fileEncoding = 4; lastKnownFileType = sourcecode.swift; path = JXSegmentedTitleDataSource.swift; sourceTree = "<group>"; };
		1908EFF0226F0B3700E03FD5 /* JXSegmentedTitleGradientDataSource.swift */ = {isa = PBXFileReference; fileEncoding = 4; lastKnownFileType = sourcecode.swift; path = JXSegmentedTitleGradientDataSource.swift; sourceTree = "<group>"; };
		1908EFF1226F0B3700E03FD5 /* JXSegmentedTitleGradientCell.swift */ = {isa = PBXFileReference; fileEncoding = 4; lastKnownFileType = sourcecode.swift; path = JXSegmentedTitleGradientCell.swift; sourceTree = "<group>"; };
		1908EFF2226F0B3700E03FD5 /* JXSegmentedTitleGradientItemModel.swift */ = {isa = PBXFileReference; fileEncoding = 4; lastKnownFileType = sourcecode.swift; path = JXSegmentedTitleGradientItemModel.swift; sourceTree = "<group>"; };
		1908EFF4226F0B3700E03FD5 /* JXSegmentedNumberDataSource.swift */ = {isa = PBXFileReference; fileEncoding = 4; lastKnownFileType = sourcecode.swift; path = JXSegmentedNumberDataSource.swift; sourceTree = "<group>"; };
		1908EFF5226F0B3700E03FD5 /* JXSegmentedNumberItemModel.swift */ = {isa = PBXFileReference; fileEncoding = 4; lastKnownFileType = sourcecode.swift; path = JXSegmentedNumberItemModel.swift; sourceTree = "<group>"; };
		1908EFF6226F0B3700E03FD5 /* JXSegmentedNumberCell.swift */ = {isa = PBXFileReference; fileEncoding = 4; lastKnownFileType = sourcecode.swift; path = JXSegmentedNumberCell.swift; sourceTree = "<group>"; };
		1908EFF8226F0B3700E03FD5 /* JXSegmentedListContainerView.swift */ = {isa = PBXFileReference; fileEncoding = 4; lastKnownFileType = sourcecode.swift; path = JXSegmentedListContainerView.swift; sourceTree = "<group>"; };
		1908EFF9226F0B3700E03FD5 /* JXSegmentedAnimator.swift */ = {isa = PBXFileReference; fileEncoding = 4; lastKnownFileType = sourcecode.swift; path = JXSegmentedAnimator.swift; sourceTree = "<group>"; };
		1908EFFA226F0B3800E03FD5 /* JXSegmentedViewTool.swift */ = {isa = PBXFileReference; fileEncoding = 4; lastKnownFileType = sourcecode.swift; path = JXSegmentedViewTool.swift; sourceTree = "<group>"; };
		1908EFFC226F0B3800E03FD5 /* JXSegmentedTitleAttributeDataSource.swift */ = {isa = PBXFileReference; fileEncoding = 4; lastKnownFileType = sourcecode.swift; path = JXSegmentedTitleAttributeDataSource.swift; sourceTree = "<group>"; };
		1908EFFD226F0B3800E03FD5 /* JXSegmentedTitleAttributeItemModel.swift */ = {isa = PBXFileReference; fileEncoding = 4; lastKnownFileType = sourcecode.swift; path = JXSegmentedTitleAttributeItemModel.swift; sourceTree = "<group>"; };
		1908EFFE226F0B3800E03FD5 /* JXSegmentedTitleAttributeCell.swift */ = {isa = PBXFileReference; fileEncoding = 4; lastKnownFileType = sourcecode.swift; path = JXSegmentedTitleAttributeCell.swift; sourceTree = "<group>"; };
/* End PBXFileReference section */

/* Begin PBXFrameworksBuildPhase section */
		1908EF60226F0A1300E03FD5 /* Frameworks */ = {
			isa = PBXFrameworksBuildPhase;
			buildActionMask = 2147483647;
			files = (
			);
			runOnlyForDeploymentPostprocessing = 0;
		};
/* End PBXFrameworksBuildPhase section */

/* Begin PBXGroup section */
		1908EF59226F0A1300E03FD5 = {
			isa = PBXGroup;
			children = (
				1908EFCB226F0B3700E03FD5 /* Sources */,
				1908EF65226F0A1300E03FD5 /* JXSegmentedView */,
				1908EF64226F0A1300E03FD5 /* Products */,
			);
			sourceTree = "<group>";
		};
		1908EF64226F0A1300E03FD5 /* Products */ = {
			isa = PBXGroup;
			children = (
				1908EF63226F0A1300E03FD5 /* JXSegmentedView.framework */,
			);
			name = Products;
			sourceTree = "<group>";
		};
		1908EF65226F0A1300E03FD5 /* JXSegmentedView */ = {
			isa = PBXGroup;
			children = (
				1908EF67226F0A1300E03FD5 /* Info.plist */,
			);
			path = JXSegmentedView;
			sourceTree = "<group>";
		};
		1908EFCB226F0B3700E03FD5 /* Sources */ = {
			isa = PBXGroup;
			children = (
				1908EFCC226F0B3700E03FD5 /* TitleOrImage */,
				1908EFD0226F0B3700E03FD5 /* Core */,
				1908EFD6226F0B3700E03FD5 /* Indicator */,
				1908EFE3226F0B3700E03FD5 /* Dot */,
				1908EFE7226F0B3700E03FD5 /* TitleImage */,
				1908EFEB226F0B3700E03FD5 /* Title */,
				1908EFEF226F0B3700E03FD5 /* TitleGradient */,
				1908EFF3226F0B3700E03FD5 /* Number */,
				1908EFF7226F0B3700E03FD5 /* Common */,
				1908EFFB226F0B3800E03FD5 /* AttributeTitle */,
			);
			path = Sources;
			sourceTree = "<group>";
		};
		1908EFCC226F0B3700E03FD5 /* TitleOrImage */ = {
			isa = PBXGroup;
			children = (
				1908EFCD226F0B3700E03FD5 /* JXSegmentedTitleOrImageItemModel.swift */,
				1908EFCE226F0B3700E03FD5 /* JXSegmentedTitleOrImageDataSource.swift */,
				1908EFCF226F0B3700E03FD5 /* JXSegmentedTitleOrImageCell.swift */,
			);
			path = TitleOrImage;
			sourceTree = "<group>";
		};
		1908EFD0226F0B3700E03FD5 /* Core */ = {
			isa = PBXGroup;
			children = (
				1908EFD1226F0B3700E03FD5 /* JXSegmentedBaseDataSource.swift */,
				1908EFD2226F0B3700E03FD5 /* JXSegmentedBaseItemModel.swift */,
				1908EFD3226F0B3700E03FD5 /* JXSegmentedBaseCell.swift */,
				1908EFD4226F0B3700E03FD5 /* JXSegmentedCollectionView.swift */,
				1908EFD5226F0B3700E03FD5 /* JXSegmentedView.swift */,
			);
			path = Core;
			sourceTree = "<group>";
		};
		1908EFD6226F0B3700E03FD5 /* Indicator */ = {
			isa = PBXGroup;
			children = (
				1908EFD7226F0B3700E03FD5 /* JXSegmentedIndicatorDotLineView.swift */,
				1908EFD8226F0B3700E03FD5 /* JXSegmentedIndicatorGradientView.swift */,
				1908EFD9226F0B3700E03FD5 /* JXSegmentedIndicatorTriangleView.swift */,
				1908EFDA226F0B3700E03FD5 /* JXSegmentedIndicatorBaseView.swift */,
				1908EFDB226F0B3700E03FD5 /* JXSegmentedIndicatorRainbowLineView.swift */,
				1908EFDC226F0B3700E03FD5 /* JXSegmentedIndicatorImageView.swift */,
				1908EFDD226F0B3700E03FD5 /* JXSegmentedIndicatorBackgroundView.swift */,
				1908EFDE226F0B3700E03FD5 /* JXSegmentedIndicatorLineView.swift */,
				1908EFDF226F0B3700E03FD5 /* JXSegmentedIndicatorProtocol.swift */,
				1908EFE0226F0B3700E03FD5 /* JXSegmentedIndicatorParams.swift */,
				1908EFE1226F0B3700E03FD5 /* JXSegmentedIndicatorDoubleLineView.swift */,
				1908EFE2226F0B3700E03FD5 /* JXSegmentedComponetGradientView.swift */,
			);
			path = Indicator;
			sourceTree = "<group>";
		};
		1908EFE3226F0B3700E03FD5 /* Dot */ = {
			isa = PBXGroup;
			children = (
				1908EFE4226F0B3700E03FD5 /* JXSegmentedDotCell.swift */,
				1908EFE5226F0B3700E03FD5 /* JXSegmentedDotDataSource.swift */,
				1908EFE6226F0B3700E03FD5 /* JXSegmentedDotItemModel.swift */,
			);
			path = Dot;
			sourceTree = "<group>";
		};
		1908EFE7226F0B3700E03FD5 /* TitleImage */ = {
			isa = PBXGroup;
			children = (
				1908EFE8226F0B3700E03FD5 /* JXSegmentedTitleImageCell.swift */,
				1908EFE9226F0B3700E03FD5 /* JXSegmentedTitleImageItemModel.swift */,
				1908EFEA226F0B3700E03FD5 /* JXSegmentedTitleImageDataSource.swift */,
			);
			path = TitleImage;
			sourceTree = "<group>";
		};
		1908EFEB226F0B3700E03FD5 /* Title */ = {
			isa = PBXGroup;
			children = (
				1908EFEC226F0B3700E03FD5 /* JXSegmentedTitleCell.swift */,
				1908EFED226F0B3700E03FD5 /* JXSegmentedTitleItemModel.swift */,
				1908EFEE226F0B3700E03FD5 /* JXSegmentedTitleDataSource.swift */,
			);
			path = Title;
			sourceTree = "<group>";
		};
		1908EFEF226F0B3700E03FD5 /* TitleGradient */ = {
			isa = PBXGroup;
			children = (
				1908EFF0226F0B3700E03FD5 /* JXSegmentedTitleGradientDataSource.swift */,
				1908EFF1226F0B3700E03FD5 /* JXSegmentedTitleGradientCell.swift */,
				1908EFF2226F0B3700E03FD5 /* JXSegmentedTitleGradientItemModel.swift */,
			);
			path = TitleGradient;
			sourceTree = "<group>";
		};
		1908EFF3226F0B3700E03FD5 /* Number */ = {
			isa = PBXGroup;
			children = (
				1908EFF4226F0B3700E03FD5 /* JXSegmentedNumberDataSource.swift */,
				1908EFF5226F0B3700E03FD5 /* JXSegmentedNumberItemModel.swift */,
				1908EFF6226F0B3700E03FD5 /* JXSegmentedNumberCell.swift */,
			);
			path = Number;
			sourceTree = "<group>";
		};
		1908EFF7226F0B3700E03FD5 /* Common */ = {
			isa = PBXGroup;
			children = (
				1908EFF8226F0B3700E03FD5 /* JXSegmentedListContainerView.swift */,
				1908EFF9226F0B3700E03FD5 /* JXSegmentedAnimator.swift */,
				1908EFFA226F0B3800E03FD5 /* JXSegmentedViewTool.swift */,
			);
			path = Common;
			sourceTree = "<group>";
		};
		1908EFFB226F0B3800E03FD5 /* AttributeTitle */ = {
			isa = PBXGroup;
			children = (
				1908EFFC226F0B3800E03FD5 /* JXSegmentedTitleAttributeDataSource.swift */,
				1908EFFD226F0B3800E03FD5 /* JXSegmentedTitleAttributeItemModel.swift */,
				1908EFFE226F0B3800E03FD5 /* JXSegmentedTitleAttributeCell.swift */,
			);
			path = AttributeTitle;
			sourceTree = "<group>";
		};
/* End PBXGroup section */

/* Begin PBXNativeTarget section */
		1908EF62226F0A1300E03FD5 /* JXSegmentedView */ = {
			isa = PBXNativeTarget;
			buildConfigurationList = 1908EF6B226F0A1300E03FD5 /* Build configuration list for PBXNativeTarget "JXSegmentedView" */;
			buildPhases = (
				1908EF5F226F0A1300E03FD5 /* Sources */,
				1908EF60226F0A1300E03FD5 /* Frameworks */,
				1908EF61226F0A1300E03FD5 /* Resources */,
			);
			buildRules = (
			);
			dependencies = (
			);
			name = JXSegmentedView;
			productName = JXSegmentedView;
			productReference = 1908EF63226F0A1300E03FD5 /* JXSegmentedView.framework */;
			productType = "com.apple.product-type.framework";
		};
/* End PBXNativeTarget section */

/* Begin PBXProject section */
		1908EF5A226F0A1300E03FD5 /* Project object */ = {
			isa = PBXProject;
			attributes = {
				LastUpgradeCheck = 1010;
				ORGANIZATIONNAME = jiaxin;
				TargetAttributes = {
					1908EF62226F0A1300E03FD5 = {
						CreatedOnToolsVersion = 10.1;
						LastSwiftMigration = 1100;
						ProvisioningStyle = Manual;
					};
				};
			};
			buildConfigurationList = 1908EF5D226F0A1300E03FD5 /* Build configuration list for PBXProject "JXSegmentedView" */;
			compatibilityVersion = "Xcode 8.0";
			developmentRegion = en;
			hasScannedForEncodings = 0;
			knownRegions = (
				en,
				Base,
			);
			mainGroup = 1908EF59226F0A1300E03FD5;
			productRefGroup = 1908EF64226F0A1300E03FD5 /* Products */;
			projectDirPath = "";
			projectRoot = "";
			targets = (
				1908EF62226F0A1300E03FD5 /* JXSegmentedView */,
			);
		};
/* End PBXProject section */

/* Begin PBXResourcesBuildPhase section */
		1908EF61226F0A1300E03FD5 /* Resources */ = {
			isa = PBXResourcesBuildPhase;
			buildActionMask = 2147483647;
			files = (
			);
			runOnlyForDeploymentPostprocessing = 0;
		};
/* End PBXResourcesBuildPhase section */

/* Begin PBXSourcesBuildPhase section */
		1908EF5F226F0A1300E03FD5 /* Sources */ = {
			isa = PBXSourcesBuildPhase;
			buildActionMask = 2147483647;
			files = (
				1908F010226F0B3800E03FD5 /* JXSegmentedIndicatorParams.swift in Sources */,
				1908EFFF226F0B3800E03FD5 /* JXSegmentedTitleOrImageItemModel.swift in Sources */,
				1908F00B226F0B3800E03FD5 /* JXSegmentedIndicatorRainbowLineView.swift in Sources */,
				1908F006226F0B3800E03FD5 /* JXSegmentedView.swift in Sources */,
				1908F023226F0B3800E03FD5 /* JXSegmentedAnimator.swift in Sources */,
				1908F01B226F0B3800E03FD5 /* JXSegmentedTitleDataSource.swift in Sources */,
				1908F019226F0B3800E03FD5 /* JXSegmentedTitleCell.swift in Sources */,
				1908F00F226F0B3800E03FD5 /* JXSegmentedIndicatorProtocol.swift in Sources */,
				1908F00C226F0B3800E03FD5 /* JXSegmentedIndicatorImageView.swift in Sources */,
				1908F005226F0B3800E03FD5 /* JXSegmentedCollectionView.swift in Sources */,
				1908F003226F0B3800E03FD5 /* JXSegmentedBaseItemModel.swift in Sources */,
				1908F011226F0B3800E03FD5 /* JXSegmentedIndicatorDoubleLineView.swift in Sources */,
				1908F00D226F0B3800E03FD5 /* JXSegmentedIndicatorBackgroundView.swift in Sources */,
				1908F01C226F0B3800E03FD5 /* JXSegmentedTitleGradientDataSource.swift in Sources */,
				1908F00E226F0B3800E03FD5 /* JXSegmentedIndicatorLineView.swift in Sources */,
				1908F01D226F0B3800E03FD5 /* JXSegmentedTitleGradientCell.swift in Sources */,
				1908F007226F0B3800E03FD5 /* JXSegmentedIndicatorDotLineView.swift in Sources */,
				1908F024226F0B3800E03FD5 /* JXSegmentedViewTool.swift in Sources */,
				1908F01E226F0B3800E03FD5 /* JXSegmentedTitleGradientItemModel.swift in Sources */,
				1908F027226F0B3800E03FD5 /* JXSegmentedTitleAttributeCell.swift in Sources */,
				1908F021226F0B3800E03FD5 /* JXSegmentedNumberCell.swift in Sources */,
				1908F012226F0B3800E03FD5 /* JXSegmentedComponetGradientView.swift in Sources */,
				1908F016226F0B3800E03FD5 /* JXSegmentedTitleImageCell.swift in Sources */,
				1908F015226F0B3800E03FD5 /* JXSegmentedDotItemModel.swift in Sources */,
				1908F008226F0B3800E03FD5 /* JXSegmentedIndicatorGradientView.swift in Sources */,
				1908F00A226F0B3800E03FD5 /* JXSegmentedIndicatorBaseView.swift in Sources */,
				1908F01A226F0B3800E03FD5 /* JXSegmentedTitleItemModel.swift in Sources */,
				1908F01F226F0B3800E03FD5 /* JXSegmentedNumberDataSource.swift in Sources */,
				1908F022226F0B3800E03FD5 /* JXSegmentedListContainerView.swift in Sources */,
				1908F014226F0B3800E03FD5 /* JXSegmentedDotDataSource.swift in Sources */,
				1908F013226F0B3800E03FD5 /* JXSegmentedDotCell.swift in Sources */,
				1908F000226F0B3800E03FD5 /* JXSegmentedTitleOrImageDataSource.swift in Sources */,
				1908F018226F0B3800E03FD5 /* JXSegmentedTitleImageDataSource.swift in Sources */,
				1908F025226F0B3800E03FD5 /* JXSegmentedTitleAttributeDataSource.swift in Sources */,
				1908F009226F0B3800E03FD5 /* JXSegmentedIndicatorTriangleView.swift in Sources */,
				1908F017226F0B3800E03FD5 /* JXSegmentedTitleImageItemModel.swift in Sources */,
				1908F002226F0B3800E03FD5 /* JXSegmentedBaseDataSource.swift in Sources */,
				1908F001226F0B3800E03FD5 /* JXSegmentedTitleOrImageCell.swift in Sources */,
				1908F020226F0B3800E03FD5 /* JXSegmentedNumberItemModel.swift in Sources */,
				1908F004226F0B3800E03FD5 /* JXSegmentedBaseCell.swift in Sources */,
				1908F026226F0B3800E03FD5 /* JXSegmentedTitleAttributeItemModel.swift in Sources */,
			);
			runOnlyForDeploymentPostprocessing = 0;
		};
/* End PBXSourcesBuildPhase section */

/* Begin XCBuildConfiguration section */
		1908EF69226F0A1300E03FD5 /* Debug */ = {
			isa = XCBuildConfiguration;
			buildSettings = {
				ALWAYS_SEARCH_USER_PATHS = NO;
				CLANG_ANALYZER_NONNULL = YES;
				CLANG_ANALYZER_NUMBER_OBJECT_CONVERSION = YES_AGGRESSIVE;
				CLANG_CXX_LANGUAGE_STANDARD = "gnu++14";
				CLANG_CXX_LIBRARY = "libc++";
				CLANG_ENABLE_MODULES = YES;
				CLANG_ENABLE_OBJC_ARC = YES;
				CLANG_ENABLE_OBJC_WEAK = YES;
				CLANG_WARN_BLOCK_CAPTURE_AUTORELEASING = YES;
				CLANG_WARN_BOOL_CONVERSION = YES;
				CLANG_WARN_COMMA = YES;
				CLANG_WARN_CONSTANT_CONVERSION = YES;
				CLANG_WARN_DEPRECATED_OBJC_IMPLEMENTATIONS = YES;
				CLANG_WARN_DIRECT_OBJC_ISA_USAGE = YES_ERROR;
				CLANG_WARN_DOCUMENTATION_COMMENTS = YES;
				CLANG_WARN_EMPTY_BODY = YES;
				CLANG_WARN_ENUM_CONVERSION = YES;
				CLANG_WARN_INFINITE_RECURSION = YES;
				CLANG_WARN_INT_CONVERSION = YES;
				CLANG_WARN_NON_LITERAL_NULL_CONVERSION = YES;
				CLANG_WARN_OBJC_IMPLICIT_RETAIN_SELF = YES;
				CLANG_WARN_OBJC_LITERAL_CONVERSION = YES;
				CLANG_WARN_OBJC_ROOT_CLASS = YES_ERROR;
				CLANG_WARN_RANGE_LOOP_ANALYSIS = YES;
				CLANG_WARN_STRICT_PROTOTYPES = YES;
				CLANG_WARN_SUSPICIOUS_MOVE = YES;
				CLANG_WARN_UNGUARDED_AVAILABILITY = YES_AGGRESSIVE;
				CLANG_WARN_UNREACHABLE_CODE = YES;
				CLANG_WARN__DUPLICATE_METHOD_MATCH = YES;
				CODE_SIGN_IDENTITY = "iPhone Developer";
				COPY_PHASE_STRIP = NO;
				CURRENT_PROJECT_VERSION = 1;
				DEBUG_INFORMATION_FORMAT = dwarf;
				ENABLE_STRICT_OBJC_MSGSEND = YES;
				ENABLE_TESTABILITY = YES;
				GCC_C_LANGUAGE_STANDARD = gnu11;
				GCC_DYNAMIC_NO_PIC = NO;
				GCC_NO_COMMON_BLOCKS = YES;
				GCC_OPTIMIZATION_LEVEL = 0;
				GCC_PREPROCESSOR_DEFINITIONS = (
					"DEBUG=1",
					"$(inherited)",
				);
				GCC_WARN_64_TO_32_BIT_CONVERSION = YES;
				GCC_WARN_ABOUT_RETURN_TYPE = YES_ERROR;
				GCC_WARN_UNDECLARED_SELECTOR = YES;
				GCC_WARN_UNINITIALIZED_AUTOS = YES_AGGRESSIVE;
				GCC_WARN_UNUSED_FUNCTION = YES;
				GCC_WARN_UNUSED_VARIABLE = YES;
				IPHONEOS_DEPLOYMENT_TARGET = 8.0;
				MTL_ENABLE_DEBUG_INFO = INCLUDE_SOURCE;
				MTL_FAST_MATH = YES;
				ONLY_ACTIVE_ARCH = YES;
				SDKROOT = iphoneos;
				SWIFT_ACTIVE_COMPILATION_CONDITIONS = DEBUG;
				SWIFT_OPTIMIZATION_LEVEL = "-Onone";
				SWIFT_VERSION = 4.2;
				VERSIONING_SYSTEM = "apple-generic";
				VERSION_INFO_PREFIX = "";
			};
			name = Debug;
		};
		1908EF6A226F0A1300E03FD5 /* Release */ = {
			isa = XCBuildConfiguration;
			buildSettings = {
				ALWAYS_SEARCH_USER_PATHS = NO;
				CLANG_ANALYZER_NONNULL = YES;
				CLANG_ANALYZER_NUMBER_OBJECT_CONVERSION = YES_AGGRESSIVE;
				CLANG_CXX_LANGUAGE_STANDARD = "gnu++14";
				CLANG_CXX_LIBRARY = "libc++";
				CLANG_ENABLE_MODULES = YES;
				CLANG_ENABLE_OBJC_ARC = YES;
				CLANG_ENABLE_OBJC_WEAK = YES;
				CLANG_WARN_BLOCK_CAPTURE_AUTORELEASING = YES;
				CLANG_WARN_BOOL_CONVERSION = YES;
				CLANG_WARN_COMMA = YES;
				CLANG_WARN_CONSTANT_CONVERSION = YES;
				CLANG_WARN_DEPRECATED_OBJC_IMPLEMENTATIONS = YES;
				CLANG_WARN_DIRECT_OBJC_ISA_USAGE = YES_ERROR;
				CLANG_WARN_DOCUMENTATION_COMMENTS = YES;
				CLANG_WARN_EMPTY_BODY = YES;
				CLANG_WARN_ENUM_CONVERSION = YES;
				CLANG_WARN_INFINITE_RECURSION = YES;
				CLANG_WARN_INT_CONVERSION = YES;
				CLANG_WARN_NON_LITERAL_NULL_CONVERSION = YES;
				CLANG_WARN_OBJC_IMPLICIT_RETAIN_SELF = YES;
				CLANG_WARN_OBJC_LITERAL_CONVERSION = YES;
				CLANG_WARN_OBJC_ROOT_CLASS = YES_ERROR;
				CLANG_WARN_RANGE_LOOP_ANALYSIS = YES;
				CLANG_WARN_STRICT_PROTOTYPES = YES;
				CLANG_WARN_SUSPICIOUS_MOVE = YES;
				CLANG_WARN_UNGUARDED_AVAILABILITY = YES_AGGRESSIVE;
				CLANG_WARN_UNREACHABLE_CODE = YES;
				CLANG_WARN__DUPLICATE_METHOD_MATCH = YES;
				CODE_SIGN_IDENTITY = "iPhone Developer";
				COPY_PHASE_STRIP = NO;
				CURRENT_PROJECT_VERSION = 1;
				DEBUG_INFORMATION_FORMAT = "dwarf-with-dsym";
				ENABLE_NS_ASSERTIONS = NO;
				ENABLE_STRICT_OBJC_MSGSEND = YES;
				GCC_C_LANGUAGE_STANDARD = gnu11;
				GCC_NO_COMMON_BLOCKS = YES;
				GCC_WARN_64_TO_32_BIT_CONVERSION = YES;
				GCC_WARN_ABOUT_RETURN_TYPE = YES_ERROR;
				GCC_WARN_UNDECLARED_SELECTOR = YES;
				GCC_WARN_UNINITIALIZED_AUTOS = YES_AGGRESSIVE;
				GCC_WARN_UNUSED_FUNCTION = YES;
				GCC_WARN_UNUSED_VARIABLE = YES;
				IPHONEOS_DEPLOYMENT_TARGET = 8.0;
				MTL_ENABLE_DEBUG_INFO = NO;
				MTL_FAST_MATH = YES;
				SDKROOT = iphoneos;
				SWIFT_OPTIMIZATION_LEVEL = "-Owholemodule";
				SWIFT_VERSION = 4.2;
				VALIDATE_PRODUCT = YES;
				VERSIONING_SYSTEM = "apple-generic";
				VERSION_INFO_PREFIX = "";
			};
			name = Release;
		};
		1908EF6C226F0A1300E03FD5 /* Debug */ = {
			isa = XCBuildConfiguration;
			buildSettings = {
				CODE_SIGN_IDENTITY = "";
				CODE_SIGN_STYLE = Manual;
				DEFINES_MODULE = YES;
				DEVELOPMENT_TEAM = "";
				DYLIB_COMPATIBILITY_VERSION = 1;
				DYLIB_CURRENT_VERSION = 1;
				DYLIB_INSTALL_NAME_BASE = "@rpath";
				INFOPLIST_FILE = JXSegmentedView/Info.plist;
				INSTALL_PATH = "$(LOCAL_LIBRARY_DIR)/Frameworks";
				IPHONEOS_DEPLOYMENT_TARGET = 8.0;
				LD_RUNPATH_SEARCH_PATHS = "$(inherited) @executable_path/Frameworks @loader_path/Frameworks";
				PRODUCT_BUNDLE_IDENTIFIER = jiaxin.JXSegmentedView;
				PRODUCT_NAME = "$(TARGET_NAME:c99extidentifier)";
				PROVISIONING_PROFILE_SPECIFIER = "";
				SKIP_INSTALL = YES;
				SWIFT_VERSION = 5.0;
				TARGETED_DEVICE_FAMILY = 1;
			};
			name = Debug;
		};
		1908EF6D226F0A1300E03FD5 /* Release */ = {
			isa = XCBuildConfiguration;
			buildSettings = {
				CODE_SIGN_IDENTITY = "";
				CODE_SIGN_STYLE = Manual;
				DEFINES_MODULE = YES;
				DEVELOPMENT_TEAM = "";
				DYLIB_COMPATIBILITY_VERSION = 1;
				DYLIB_CURRENT_VERSION = 1;
				DYLIB_INSTALL_NAME_BASE = "@rpath";
				INFOPLIST_FILE = JXSegmentedView/Info.plist;
				INSTALL_PATH = "$(LOCAL_LIBRARY_DIR)/Frameworks";
				IPHONEOS_DEPLOYMENT_TARGET = 8.0;
				LD_RUNPATH_SEARCH_PATHS = "$(inherited) @executable_path/Frameworks @loader_path/Frameworks";
				PRODUCT_BUNDLE_IDENTIFIER = jiaxin.JXSegmentedView;
				PRODUCT_NAME = "$(TARGET_NAME:c99extidentifier)";
				PROVISIONING_PROFILE_SPECIFIER = "";
				SKIP_INSTALL = YES;
				SWIFT_VERSION = 5.0;
				TARGETED_DEVICE_FAMILY = 1;
			};
			name = Release;
		};
/* End XCBuildConfiguration section */

/* Begin XCConfigurationList section */
		1908EF5D226F0A1300E03FD5 /* Build configuration list for PBXProject "JXSegmentedView" */ = {
			isa = XCConfigurationList;
			buildConfigurations = (
				1908EF69226F0A1300E03FD5 /* Debug */,
				1908EF6A226F0A1300E03FD5 /* Release */,
			);
			defaultConfigurationIsVisible = 0;
			defaultConfigurationName = Release;
		};
		1908EF6B226F0A1300E03FD5 /* Build configuration list for PBXNativeTarget "JXSegmentedView" */ = {
			isa = XCConfigurationList;
			buildConfigurations = (
				1908EF6C226F0A1300E03FD5 /* Debug */,
				1908EF6D226F0A1300E03FD5 /* Release */,
			);
			defaultConfigurationIsVisible = 0;
			defaultConfigurationName = Release;
		};
/* End XCConfigurationList section */
	};
	rootObject = 1908EF5A226F0A1300E03FD5 /* Project object */;
}
