// !$*UTF8*$!
{
	archiveVersion = 1;
	classes = {
	};
	objectVersion = 50;
	objects = {

/* Begin PBXBuildFile section */
		1904AA2721D31F6400316F97 /* AppDelegate.swift in Sources */ = {isa = PBXBuildFile; fileRef = 1904AA2621D31F6400316F97 /* AppDelegate.swift */; };
		1904AA2921D31F6400316F97 /* ViewController.swift in Sources */ = {isa = PBXBuildFile; fileRef = 1904AA2821D31F6400316F97 /* ViewController.swift */; };
		1904AA2C21D31F6400316F97 /* Main.storyboard in Resources */ = {isa = PBXBuildFile; fileRef = 1904AA2A21D31F6400316F97 /* Main.storyboard */; };
		1904AA2E21D31F6700316F97 /* Assets.xcassets in Resources */ = {isa = PBXBuildFile; fileRef = 1904AA2D21D31F6700316F97 /* Assets.xcassets */; };
		1904AA3121D31F6700316F97 /* LaunchScreen.storyboard in Resources */ = {isa = PBXBuildFile; fileRef = 1904AA2F21D31F6700316F97 /* LaunchScreen.storyboard */; };
		1904AA3B21D31FBE00316F97 /* JXSegmentedView.swift in Sources */ = {isa = PBXBuildFile; fileRef = 1904AA3A21D31FBE00316F97 /* JXSegmentedView.swift */; };
		1904AA3D21D3212300316F97 /* JXSegmentedBaseItemModel.swift in Sources */ = {isa = PBXBuildFile; fileRef = 1904AA3C21D3212300316F97 /* JXSegmentedBaseItemModel.swift */; };
		1904AA3F21D3215900316F97 /* JXSegmentedBaseCell.swift in Sources */ = {isa = PBXBuildFile; fileRef = 1904AA3E21D3215900316F97 /* JXSegmentedBaseCell.swift */; };
		1904AA4121D3241E00316F97 /* JXSegmentedCollectionView.swift in Sources */ = {isa = PBXBuildFile; fileRef = 1904AA4021D3241E00316F97 /* JXSegmentedCollectionView.swift */; };
		1904AA4321D3533E00316F97 /* JXSegmentedIndicatorProtocol.swift in Sources */ = {isa = PBXBuildFile; fileRef = 1904AA4221D3533E00316F97 /* JXSegmentedIndicatorProtocol.swift */; };
		1904AA4521D3541800316F97 /* JXSegmentedIndicatorParamsModel.swift in Sources */ = {isa = PBXBuildFile; fileRef = 1904AA4421D3541800316F97 /* JXSegmentedIndicatorParamsModel.swift */; };
		1904AA4821D35EF500316F97 /* JXSegmentedIndicatorLineView.swift in Sources */ = {isa = PBXBuildFile; fileRef = 1904AA4721D35EF500316F97 /* JXSegmentedIndicatorLineView.swift */; };
		1904AA4A21D35F3100316F97 /* JXSegmentedIndicatorBaseView.swift in Sources */ = {isa = PBXBuildFile; fileRef = 1904AA4921D35F3100316F97 /* JXSegmentedIndicatorBaseView.swift */; };
		1904AA4C21D3637300316F97 /* JXSegmentedViewTool.swift in Sources */ = {isa = PBXBuildFile; fileRef = 1904AA4B21D3637300316F97 /* JXSegmentedViewTool.swift */; };
		1904AA4F21D3668E00316F97 /* JXSegmentedTitleDataSource.swift in Sources */ = {isa = PBXBuildFile; fileRef = 1904AA4E21D3668E00316F97 /* JXSegmentedTitleDataSource.swift */; };
		1904AA5121D36A6E00316F97 /* JXSegmentedTitleItemModel.swift in Sources */ = {isa = PBXBuildFile; fileRef = 1904AA5021D36A6E00316F97 /* JXSegmentedTitleItemModel.swift */; };
		1904AA5321D36A8700316F97 /* JXSegmentedTitleCell.swift in Sources */ = {isa = PBXBuildFile; fileRef = 1904AA5221D36A8700316F97 /* JXSegmentedTitleCell.swift */; };
		1904AA5721D3732C00316F97 /* ListBaseViewController.swift in Sources */ = {isa = PBXBuildFile; fileRef = 1904AA5621D3732C00316F97 /* ListBaseViewController.swift */; };
		1904AA5A21D37B8800316F97 /* JXSegmentedListContainerView.swift in Sources */ = {isa = PBXBuildFile; fileRef = 1904AA5921D37B8800316F97 /* JXSegmentedListContainerView.swift */; };
		1904AA5C21D38A8600316F97 /* ContentBaseViewController.swift in Sources */ = {isa = PBXBuildFile; fileRef = 1904AA5B21D38A8600316F97 /* ContentBaseViewController.swift */; };
		1904AA5E21D38D1300316F97 /* TestListBaseView.swift in Sources */ = {isa = PBXBuildFile; fileRef = 1904AA5D21D38D1300316F97 /* TestListBaseView.swift */; };
		1904AA6021D5C84300316F97 /* JXSegmentedIndicatorRainbowLineView.swift in Sources */ = {isa = PBXBuildFile; fileRef = 1904AA5F21D5C84300316F97 /* JXSegmentedIndicatorRainbowLineView.swift */; };
		1904AA6221D5D2E700316F97 /* JXSegmentedIndicatorBackgroundView.swift in Sources */ = {isa = PBXBuildFile; fileRef = 1904AA6121D5D2E700316F97 /* JXSegmentedIndicatorBackgroundView.swift */; };
		1904AA6421D5F4B400316F97 /* JXSegmentedIndicatorTriangleView.swift in Sources */ = {isa = PBXBuildFile; fileRef = 1904AA6321D5F4B400316F97 /* JXSegmentedIndicatorTriangleView.swift */; };
		1904AA6721D6041600316F97 /* JXSegmentedBaseDataSource.swift in Sources */ = {isa = PBXBuildFile; fileRef = 1904AA6621D6041500316F97 /* JXSegmentedBaseDataSource.swift */; };
		1904AA6921D6090600316F97 /* JXSegmentedNumberDataSource.swift in Sources */ = {isa = PBXBuildFile; fileRef = 1904AA6821D6090600316F97 /* JXSegmentedNumberDataSource.swift */; };
		1904AA6B21D6093600316F97 /* JXSegmentedNumberItemModel.swift in Sources */ = {isa = PBXBuildFile; fileRef = 1904AA6A21D6093600316F97 /* JXSegmentedNumberItemModel.swift */; };
		1904AA6D21D612C000316F97 /* JXSegmentedNumberCell.swift in Sources */ = {isa = PBXBuildFile; fileRef = 1904AA6C21D612C000316F97 /* JXSegmentedNumberCell.swift */; };
		1904AA7021D6226D00316F97 /* JXSegmentedDotDataSource.swift in Sources */ = {isa = PBXBuildFile; fileRef = 1904AA6F21D6226D00316F97 /* JXSegmentedDotDataSource.swift */; };
		1904AA7221D624AC00316F97 /* JXSegmentedDotItemModel.swift in Sources */ = {isa = PBXBuildFile; fileRef = 1904AA7121D624AC00316F97 /* JXSegmentedDotItemModel.swift */; };
		1904AA7421D624BC00316F97 /* JXSegmentedDotCell.swift in Sources */ = {isa = PBXBuildFile; fileRef = 1904AA7321D624BC00316F97 /* JXSegmentedDotCell.swift */; };
		1904AA7721D70A7100316F97 /* JXSegmentedTitleImageDataSource.swift in Sources */ = {isa = PBXBuildFile; fileRef = 1904AA7621D70A7100316F97 /* JXSegmentedTitleImageDataSource.swift */; };
		1904AA7921D70A8800316F97 /* JXSegmentedTitleImageItemModel.swift in Sources */ = {isa = PBXBuildFile; fileRef = 1904AA7821D70A8800316F97 /* JXSegmentedTitleImageItemModel.swift */; };
		1904AA7B21D70A9B00316F97 /* JXSegmentedTitleImageCell.swift in Sources */ = {isa = PBXBuildFile; fileRef = 1904AA7A21D70A9B00316F97 /* JXSegmentedTitleImageCell.swift */; };
		1904AA7E21D7549600316F97 /* IndicatorCustomizeViewController.swift in Sources */ = {isa = PBXBuildFile; fileRef = 1904AA7D21D7549600316F97 /* IndicatorCustomizeViewController.swift */; };
		1904AA8021D754C400316F97 /* CellCustomizeViewController.swift in Sources */ = {isa = PBXBuildFile; fileRef = 1904AA7F21D754C400316F97 /* CellCustomizeViewController.swift */; };
		1904AA8221D754F500316F97 /* SpecialCustomizeViewController.swift in Sources */ = {isa = PBXBuildFile; fileRef = 1904AA8121D754F500316F97 /* SpecialCustomizeViewController.swift */; };
		1904AA8421D75BA200316F97 /* TitleImageSettingViewController.swift in Sources */ = {isa = PBXBuildFile; fileRef = 1904AA8321D75BA200316F97 /* TitleImageSettingViewController.swift */; };
		195A9BA321DC8E2D0005B7A7 /* JXSegmentedIndicatorImageView.swift in Sources */ = {isa = PBXBuildFile; fileRef = 195A9BA221DC8E2D0005B7A7 /* JXSegmentedIndicatorImageView.swift */; };
		195A9BA521DC97DD0005B7A7 /* JXSegmentedIndicatorGradientView.swift in Sources */ = {isa = PBXBuildFile; fileRef = 195A9BA421DC97DD0005B7A7 /* JXSegmentedIndicatorGradientView.swift */; };
		195A9BA821DCC4EA0005B7A7 /* JXSegmentedTitleAttributeDataSource.swift in Sources */ = {isa = PBXBuildFile; fileRef = 195A9BA721DCC4EA0005B7A7 /* JXSegmentedTitleAttributeDataSource.swift */; };
		195A9BAA21DD9CB30005B7A7 /* JXSegmentedTitleAttributeItemModel.swift in Sources */ = {isa = PBXBuildFile; fileRef = 195A9BA921DD9CB30005B7A7 /* JXSegmentedTitleAttributeItemModel.swift */; };
		195A9BAC21DD9CC10005B7A7 /* JXSegmentedTitleAttributeCell.swift in Sources */ = {isa = PBXBuildFile; fileRef = 195A9BAB21DD9CC10005B7A7 /* JXSegmentedTitleAttributeCell.swift */; };
		195A9BB521DDD7990005B7A7 /* JXPagingMainTableView.swift in Sources */ = {isa = PBXBuildFile; fileRef = 195A9BB121DDD7990005B7A7 /* JXPagingMainTableView.swift */; };
		195A9BB621DDD7990005B7A7 /* JXPagingView.swift in Sources */ = {isa = PBXBuildFile; fileRef = 195A9BB221DDD7990005B7A7 /* JXPagingView.swift */; };
		195A9BB721DDD7990005B7A7 /* JXPagingListRefreshView.swift in Sources */ = {isa = PBXBuildFile; fileRef = 195A9BB321DDD7990005B7A7 /* JXPagingListRefreshView.swift */; };
		195A9BB821DDD7990005B7A7 /* JXPagingListContainerView.swift in Sources */ = {isa = PBXBuildFile; fileRef = 195A9BB421DDD7990005B7A7 /* JXPagingListContainerView.swift */; };
		195A9BBA21DDD7BB0005B7A7 /* PagingViewController.swift in Sources */ = {isa = PBXBuildFile; fileRef = 195A9BB921DDD7BB0005B7A7 /* PagingViewController.swift */; };
		195A9BBF21DDD7F90005B7A7 /* PagingViewTableHeaderView.swift in Sources */ = {isa = PBXBuildFile; fileRef = 195A9BBC21DDD7F80005B7A7 /* PagingViewTableHeaderView.swift */; };
		195A9BC221DDDC8B0005B7A7 /* PagingListBaseView.swift in Sources */ = {isa = PBXBuildFile; fileRef = 195A9BC121DDDC8B0005B7A7 /* PagingListBaseView.swift */; };
/* End PBXBuildFile section */

/* Begin PBXFileReference section */
		1904AA2321D31F6400316F97 /* JXSegmentedView.app */ = {isa = PBXFileReference; explicitFileType = wrapper.application; includeInIndex = 0; path = JXSegmentedView.app; sourceTree = BUILT_PRODUCTS_DIR; };
		1904AA2621D31F6400316F97 /* AppDelegate.swift */ = {isa = PBXFileReference; lastKnownFileType = sourcecode.swift; path = AppDelegate.swift; sourceTree = "<group>"; };
		1904AA2821D31F6400316F97 /* ViewController.swift */ = {isa = PBXFileReference; lastKnownFileType = sourcecode.swift; path = ViewController.swift; sourceTree = "<group>"; };
		1904AA2B21D31F6400316F97 /* Base */ = {isa = PBXFileReference; lastKnownFileType = file.storyboard; name = Base; path = Base.lproj/Main.storyboard; sourceTree = "<group>"; };
		1904AA2D21D31F6700316F97 /* Assets.xcassets */ = {isa = PBXFileReference; lastKnownFileType = folder.assetcatalog; path = Assets.xcassets; sourceTree = "<group>"; };
		1904AA3021D31F6700316F97 /* Base */ = {isa = PBXFileReference; lastKnownFileType = file.storyboard; name = Base; path = Base.lproj/LaunchScreen.storyboard; sourceTree = "<group>"; };
		1904AA3221D31F6700316F97 /* Info.plist */ = {isa = PBXFileReference; lastKnownFileType = text.plist.xml; path = Info.plist; sourceTree = "<group>"; };
		1904AA3A21D31FBE00316F97 /* JXSegmentedView.swift */ = {isa = PBXFileReference; lastKnownFileType = sourcecode.swift; path = JXSegmentedView.swift; sourceTree = "<group>"; };
		1904AA3C21D3212300316F97 /* JXSegmentedBaseItemModel.swift */ = {isa = PBXFileReference; lastKnownFileType = sourcecode.swift; path = JXSegmentedBaseItemModel.swift; sourceTree = "<group>"; };
		1904AA3E21D3215900316F97 /* JXSegmentedBaseCell.swift */ = {isa = PBXFileReference; lastKnownFileType = sourcecode.swift; path = JXSegmentedBaseCell.swift; sourceTree = "<group>"; };
		1904AA4021D3241E00316F97 /* JXSegmentedCollectionView.swift */ = {isa = PBXFileReference; lastKnownFileType = sourcecode.swift; path = JXSegmentedCollectionView.swift; sourceTree = "<group>"; };
		1904AA4221D3533E00316F97 /* JXSegmentedIndicatorProtocol.swift */ = {isa = PBXFileReference; lastKnownFileType = sourcecode.swift; path = JXSegmentedIndicatorProtocol.swift; sourceTree = "<group>"; };
		1904AA4421D3541800316F97 /* JXSegmentedIndicatorParamsModel.swift */ = {isa = PBXFileReference; lastKnownFileType = sourcecode.swift; path = JXSegmentedIndicatorParamsModel.swift; sourceTree = "<group>"; };
		1904AA4721D35EF500316F97 /* JXSegmentedIndicatorLineView.swift */ = {isa = PBXFileReference; lastKnownFileType = sourcecode.swift; path = JXSegmentedIndicatorLineView.swift; sourceTree = "<group>"; };
		1904AA4921D35F3100316F97 /* JXSegmentedIndicatorBaseView.swift */ = {isa = PBXFileReference; lastKnownFileType = sourcecode.swift; path = JXSegmentedIndicatorBaseView.swift; sourceTree = "<group>"; };
		1904AA4B21D3637300316F97 /* JXSegmentedViewTool.swift */ = {isa = PBXFileReference; lastKnownFileType = sourcecode.swift; path = JXSegmentedViewTool.swift; sourceTree = "<group>"; };
		1904AA4E21D3668E00316F97 /* JXSegmentedTitleDataSource.swift */ = {isa = PBXFileReference; lastKnownFileType = sourcecode.swift; path = JXSegmentedTitleDataSource.swift; sourceTree = "<group>"; };
		1904AA5021D36A6E00316F97 /* JXSegmentedTitleItemModel.swift */ = {isa = PBXFileReference; lastKnownFileType = sourcecode.swift; path = JXSegmentedTitleItemModel.swift; sourceTree = "<group>"; };
		1904AA5221D36A8700316F97 /* JXSegmentedTitleCell.swift */ = {isa = PBXFileReference; lastKnownFileType = sourcecode.swift; path = JXSegmentedTitleCell.swift; sourceTree = "<group>"; };
		1904AA5621D3732C00316F97 /* ListBaseViewController.swift */ = {isa = PBXFileReference; lastKnownFileType = sourcecode.swift; path = ListBaseViewController.swift; sourceTree = "<group>"; };
		1904AA5921D37B8800316F97 /* JXSegmentedListContainerView.swift */ = {isa = PBXFileReference; lastKnownFileType = sourcecode.swift; path = JXSegmentedListContainerView.swift; sourceTree = "<group>"; };
		1904AA5B21D38A8600316F97 /* ContentBaseViewController.swift */ = {isa = PBXFileReference; lastKnownFileType = sourcecode.swift; path = ContentBaseViewController.swift; sourceTree = "<group>"; };
		1904AA5D21D38D1300316F97 /* TestListBaseView.swift */ = {isa = PBXFileReference; fileEncoding = 4; lastKnownFileType = sourcecode.swift; path = TestListBaseView.swift; sourceTree = "<group>"; };
		1904AA5F21D5C84300316F97 /* JXSegmentedIndicatorRainbowLineView.swift */ = {isa = PBXFileReference; lastKnownFileType = sourcecode.swift; path = JXSegmentedIndicatorRainbowLineView.swift; sourceTree = "<group>"; };
		1904AA6121D5D2E700316F97 /* JXSegmentedIndicatorBackgroundView.swift */ = {isa = PBXFileReference; lastKnownFileType = sourcecode.swift; path = JXSegmentedIndicatorBackgroundView.swift; sourceTree = "<group>"; };
		1904AA6321D5F4B400316F97 /* JXSegmentedIndicatorTriangleView.swift */ = {isa = PBXFileReference; lastKnownFileType = sourcecode.swift; path = JXSegmentedIndicatorTriangleView.swift; sourceTree = "<group>"; };
		1904AA6621D6041500316F97 /* JXSegmentedBaseDataSource.swift */ = {isa = PBXFileReference; lastKnownFileType = sourcecode.swift; path = JXSegmentedBaseDataSource.swift; sourceTree = "<group>"; };
		1904AA6821D6090600316F97 /* JXSegmentedNumberDataSource.swift */ = {isa = PBXFileReference; lastKnownFileType = sourcecode.swift; path = JXSegmentedNumberDataSource.swift; sourceTree = "<group>"; };
		1904AA6A21D6093600316F97 /* JXSegmentedNumberItemModel.swift */ = {isa = PBXFileReference; lastKnownFileType = sourcecode.swift; path = JXSegmentedNumberItemModel.swift; sourceTree = "<group>"; };
		1904AA6C21D612C000316F97 /* JXSegmentedNumberCell.swift */ = {isa = PBXFileReference; lastKnownFileType = sourcecode.swift; path = JXSegmentedNumberCell.swift; sourceTree = "<group>"; };
		1904AA6F21D6226D00316F97 /* JXSegmentedDotDataSource.swift */ = {isa = PBXFileReference; lastKnownFileType = sourcecode.swift; path = JXSegmentedDotDataSource.swift; sourceTree = "<group>"; };
		1904AA7121D624AC00316F97 /* JXSegmentedDotItemModel.swift */ = {isa = PBXFileReference; lastKnownFileType = sourcecode.swift; path = JXSegmentedDotItemModel.swift; sourceTree = "<group>"; };
		1904AA7321D624BC00316F97 /* JXSegmentedDotCell.swift */ = {isa = PBXFileReference; lastKnownFileType = sourcecode.swift; path = JXSegmentedDotCell.swift; sourceTree = "<group>"; };
		1904AA7621D70A7100316F97 /* JXSegmentedTitleImageDataSource.swift */ = {isa = PBXFileReference; lastKnownFileType = sourcecode.swift; path = JXSegmentedTitleImageDataSource.swift; sourceTree = "<group>"; };
		1904AA7821D70A8800316F97 /* JXSegmentedTitleImageItemModel.swift */ = {isa = PBXFileReference; lastKnownFileType = sourcecode.swift; path = JXSegmentedTitleImageItemModel.swift; sourceTree = "<group>"; };
		1904AA7A21D70A9B00316F97 /* JXSegmentedTitleImageCell.swift */ = {isa = PBXFileReference; lastKnownFileType = sourcecode.swift; path = JXSegmentedTitleImageCell.swift; sourceTree = "<group>"; };
		1904AA7D21D7549600316F97 /* IndicatorCustomizeViewController.swift */ = {isa = PBXFileReference; lastKnownFileType = sourcecode.swift; path = IndicatorCustomizeViewController.swift; sourceTree = "<group>"; };
		1904AA7F21D754C400316F97 /* CellCustomizeViewController.swift */ = {isa = PBXFileReference; lastKnownFileType = sourcecode.swift; path = CellCustomizeViewController.swift; sourceTree = "<group>"; };
		1904AA8121D754F500316F97 /* SpecialCustomizeViewController.swift */ = {isa = PBXFileReference; lastKnownFileType = sourcecode.swift; path = SpecialCustomizeViewController.swift; sourceTree = "<group>"; };
		1904AA8321D75BA200316F97 /* TitleImageSettingViewController.swift */ = {isa = PBXFileReference; lastKnownFileType = sourcecode.swift; path = TitleImageSettingViewController.swift; sourceTree = "<group>"; };
		195A9BA221DC8E2D0005B7A7 /* JXSegmentedIndicatorImageView.swift */ = {isa = PBXFileReference; lastKnownFileType = sourcecode.swift; path = JXSegmentedIndicatorImageView.swift; sourceTree = "<group>"; };
		195A9BA421DC97DD0005B7A7 /* JXSegmentedIndicatorGradientView.swift */ = {isa = PBXFileReference; lastKnownFileType = sourcecode.swift; path = JXSegmentedIndicatorGradientView.swift; sourceTree = "<group>"; };
		195A9BA721DCC4EA0005B7A7 /* JXSegmentedTitleAttributeDataSource.swift */ = {isa = PBXFileReference; lastKnownFileType = sourcecode.swift; path = JXSegmentedTitleAttributeDataSource.swift; sourceTree = "<group>"; };
		195A9BA921DD9CB30005B7A7 /* JXSegmentedTitleAttributeItemModel.swift */ = {isa = PBXFileReference; lastKnownFileType = sourcecode.swift; path = JXSegmentedTitleAttributeItemModel.swift; sourceTree = "<group>"; };
		195A9BAB21DD9CC10005B7A7 /* JXSegmentedTitleAttributeCell.swift */ = {isa = PBXFileReference; lastKnownFileType = sourcecode.swift; path = JXSegmentedTitleAttributeCell.swift; sourceTree = "<group>"; };
		195A9BB121DDD7990005B7A7 /* JXPagingMainTableView.swift */ = {isa = PBXFileReference; fileEncoding = 4; lastKnownFileType = sourcecode.swift; path = JXPagingMainTableView.swift; sourceTree = "<group>"; };
		195A9BB221DDD7990005B7A7 /* JXPagingView.swift */ = {isa = PBXFileReference; fileEncoding = 4; lastKnownFileType = sourcecode.swift; path = JXPagingView.swift; sourceTree = "<group>"; };
		195A9BB321DDD7990005B7A7 /* JXPagingListRefreshView.swift */ = {isa = PBXFileReference; fileEncoding = 4; lastKnownFileType = sourcecode.swift; path = JXPagingListRefreshView.swift; sourceTree = "<group>"; };
		195A9BB421DDD7990005B7A7 /* JXPagingListContainerView.swift */ = {isa = PBXFileReference; fileEncoding = 4; lastKnownFileType = sourcecode.swift; path = JXPagingListContainerView.swift; sourceTree = "<group>"; };
		195A9BB921DDD7BB0005B7A7 /* PagingViewController.swift */ = {isa = PBXFileReference; fileEncoding = 4; lastKnownFileType = sourcecode.swift; path = PagingViewController.swift; sourceTree = "<group>"; };
		195A9BBC21DDD7F80005B7A7 /* PagingViewTableHeaderView.swift */ = {isa = PBXFileReference; fileEncoding = 4; lastKnownFileType = sourcecode.swift; path = PagingViewTableHeaderView.swift; sourceTree = "<group>"; };
		195A9BC121DDDC8B0005B7A7 /* PagingListBaseView.swift */ = {isa = PBXFileReference; fileEncoding = 4; lastKnownFileType = sourcecode.swift; path = PagingListBaseView.swift; sourceTree = "<group>"; };
/* End PBXFileReference section */

/* Begin PBXFrameworksBuildPhase section */
		1904AA2021D31F6400316F97 /* Frameworks */ = {
			isa = PBXFrameworksBuildPhase;
			buildActionMask = 2147483647;
			files = (
			);
			runOnlyForDeploymentPostprocessing = 0;
		};
/* End PBXFrameworksBuildPhase section */

/* Begin PBXGroup section */
		1904AA1A21D31F6400316F97 = {
			isa = PBXGroup;
			children = (
				1904AA3821D31F9700316F97 /* Sources */,
				1904AA2521D31F6400316F97 /* JXSegmentedView */,
				1904AA2421D31F6400316F97 /* Products */,
			);
			sourceTree = "<group>";
		};
		1904AA2421D31F6400316F97 /* Products */ = {
			isa = PBXGroup;
			children = (
				1904AA2321D31F6400316F97 /* JXSegmentedView.app */,
			);
			name = Products;
			sourceTree = "<group>";
		};
		1904AA2521D31F6400316F97 /* JXSegmentedView */ = {
			isa = PBXGroup;
			children = (
				195A9BAD21DDD7400005B7A7 /* Special */,
				195A9BA621DCC4B30005B7A7 /* Custom */,
				1904AA5521D3731900316F97 /* Common */,
				1904AA2621D31F6400316F97 /* AppDelegate.swift */,
				1904AA2821D31F6400316F97 /* ViewController.swift */,
				1904AA2A21D31F6400316F97 /* Main.storyboard */,
				1904AA2D21D31F6700316F97 /* Assets.xcassets */,
				1904AA2F21D31F6700316F97 /* LaunchScreen.storyboard */,
				1904AA3221D31F6700316F97 /* Info.plist */,
			);
			path = JXSegmentedView;
			sourceTree = "<group>";
		};
		1904AA3821D31F9700316F97 /* Sources */ = {
			isa = PBXGroup;
			children = (
				1904AA7521D70A1B00316F97 /* TitleImage */,
				1904AA6E21D6224D00316F97 /* Dot */,
				1904AA6521D6036F00316F97 /* Number */,
				1904AA4D21D3667C00316F97 /* Title */,
				1904AA5821D37B6300316F97 /* Common */,
				1904AA4621D35EBC00316F97 /* Indicator */,
				1904AA3921D31F9700316F97 /* Core */,
			);
			path = Sources;
			sourceTree = "<group>";
		};
		1904AA3921D31F9700316F97 /* Core */ = {
			isa = PBXGroup;
			children = (
				1904AA3A21D31FBE00316F97 /* JXSegmentedView.swift */,
				1904AA4021D3241E00316F97 /* JXSegmentedCollectionView.swift */,
				1904AA3E21D3215900316F97 /* JXSegmentedBaseCell.swift */,
				1904AA3C21D3212300316F97 /* JXSegmentedBaseItemModel.swift */,
				1904AA6621D6041500316F97 /* JXSegmentedBaseDataSource.swift */,
			);
			path = Core;
			sourceTree = "<group>";
		};
		1904AA4621D35EBC00316F97 /* Indicator */ = {
			isa = PBXGroup;
			children = (
				1904AA4221D3533E00316F97 /* JXSegmentedIndicatorProtocol.swift */,
				1904AA4421D3541800316F97 /* JXSegmentedIndicatorParamsModel.swift */,
				1904AA4921D35F3100316F97 /* JXSegmentedIndicatorBaseView.swift */,
				1904AA4721D35EF500316F97 /* JXSegmentedIndicatorLineView.swift */,
				1904AA5F21D5C84300316F97 /* JXSegmentedIndicatorRainbowLineView.swift */,
				1904AA6121D5D2E700316F97 /* JXSegmentedIndicatorBackgroundView.swift */,
				195A9BA421DC97DD0005B7A7 /* JXSegmentedIndicatorGradientView.swift */,
				1904AA6321D5F4B400316F97 /* JXSegmentedIndicatorTriangleView.swift */,
				195A9BA221DC8E2D0005B7A7 /* JXSegmentedIndicatorImageView.swift */,
			);
			path = Indicator;
			sourceTree = "<group>";
		};
		1904AA4D21D3667C00316F97 /* Title */ = {
			isa = PBXGroup;
			children = (
				1904AA4E21D3668E00316F97 /* JXSegmentedTitleDataSource.swift */,
				1904AA5021D36A6E00316F97 /* JXSegmentedTitleItemModel.swift */,
				1904AA5221D36A8700316F97 /* JXSegmentedTitleCell.swift */,
			);
			path = Title;
			sourceTree = "<group>";
		};
		1904AA5521D3731900316F97 /* Common */ = {
			isa = PBXGroup;
			children = (
				1904AA5B21D38A8600316F97 /* ContentBaseViewController.swift */,
				1904AA5621D3732C00316F97 /* ListBaseViewController.swift */,
				1904AA5D21D38D1300316F97 /* TestListBaseView.swift */,
				1904AA7D21D7549600316F97 /* IndicatorCustomizeViewController.swift */,
				1904AA7F21D754C400316F97 /* CellCustomizeViewController.swift */,
				1904AA8121D754F500316F97 /* SpecialCustomizeViewController.swift */,
				1904AA8321D75BA200316F97 /* TitleImageSettingViewController.swift */,
			);
			path = Common;
			sourceTree = "<group>";
		};
		1904AA5821D37B6300316F97 /* Common */ = {
			isa = PBXGroup;
			children = (
				1904AA5921D37B8800316F97 /* JXSegmentedListContainerView.swift */,
				1904AA4B21D3637300316F97 /* JXSegmentedViewTool.swift */,
			);
			path = Common;
			sourceTree = "<group>";
		};
		1904AA6521D6036F00316F97 /* Number */ = {
			isa = PBXGroup;
			children = (
				1904AA6821D6090600316F97 /* JXSegmentedNumberDataSource.swift */,
				1904AA6A21D6093600316F97 /* JXSegmentedNumberItemModel.swift */,
				1904AA6C21D612C000316F97 /* JXSegmentedNumberCell.swift */,
			);
			path = Number;
			sourceTree = "<group>";
		};
		1904AA6E21D6224D00316F97 /* Dot */ = {
			isa = PBXGroup;
			children = (
				1904AA6F21D6226D00316F97 /* JXSegmentedDotDataSource.swift */,
				1904AA7121D624AC00316F97 /* JXSegmentedDotItemModel.swift */,
				1904AA7321D624BC00316F97 /* JXSegmentedDotCell.swift */,
			);
			path = Dot;
			sourceTree = "<group>";
		};
		1904AA7521D70A1B00316F97 /* TitleImage */ = {
			isa = PBXGroup;
			children = (
				1904AA7621D70A7100316F97 /* JXSegmentedTitleImageDataSource.swift */,
				1904AA7821D70A8800316F97 /* JXSegmentedTitleImageItemModel.swift */,
				1904AA7A21D70A9B00316F97 /* JXSegmentedTitleImageCell.swift */,
			);
			path = TitleImage;
			sourceTree = "<group>";
		};
		195A9BA621DCC4B30005B7A7 /* Custom */ = {
			isa = PBXGroup;
			children = (
				195A9BA721DCC4EA0005B7A7 /* JXSegmentedTitleAttributeDataSource.swift */,
				195A9BA921DD9CB30005B7A7 /* JXSegmentedTitleAttributeItemModel.swift */,
				195A9BAB21DD9CC10005B7A7 /* JXSegmentedTitleAttributeCell.swift */,
			);
			path = Custom;
			sourceTree = "<group>";
		};
		195A9BAD21DDD7400005B7A7 /* Special */ = {
			isa = PBXGroup;
			children = (
				195A9BAF21DDD7560005B7A7 /* Personal */,
			);
			path = Special;
			sourceTree = "<group>";
		};
		195A9BAF21DDD7560005B7A7 /* Personal */ = {
			isa = PBXGroup;
			children = (
				195A9BB021DDD7990005B7A7 /* JXPagingView-Swift */,
				195A9BBC21DDD7F80005B7A7 /* PagingViewTableHeaderView.swift */,
				195A9BB921DDD7BB0005B7A7 /* PagingViewController.swift */,
				195A9BC121DDDC8B0005B7A7 /* PagingListBaseView.swift */,
			);
			path = Personal;
			sourceTree = "<group>";
		};
		195A9BB021DDD7990005B7A7 /* JXPagingView-Swift */ = {
			isa = PBXGroup;
			children = (
				195A9BB121DDD7990005B7A7 /* JXPagingMainTableView.swift */,
				195A9BB221DDD7990005B7A7 /* JXPagingView.swift */,
				195A9BB321DDD7990005B7A7 /* JXPagingListRefreshView.swift */,
				195A9BB421DDD7990005B7A7 /* JXPagingListContainerView.swift */,
			);
			path = "JXPagingView-Swift";
			sourceTree = "<group>";
		};
/* End PBXGroup section */

/* Begin PBXNativeTarget section */
		1904AA2221D31F6400316F97 /* JXSegmentedView */ = {
			isa = PBXNativeTarget;
			buildConfigurationList = 1904AA3521D31F6700316F97 /* Build configuration list for PBXNativeTarget "JXSegmentedView" */;
			buildPhases = (
				1904AA1F21D31F6400316F97 /* Sources */,
				1904AA2021D31F6400316F97 /* Frameworks */,
				1904AA2121D31F6400316F97 /* Resources */,
			);
			buildRules = (
			);
			dependencies = (
			);
			name = JXSegmentedView;
			productName = JXSegmentedView;
			productReference = 1904AA2321D31F6400316F97 /* JXSegmentedView.app */;
			productType = "com.apple.product-type.application";
		};
/* End PBXNativeTarget section */

/* Begin PBXProject section */
		1904AA1B21D31F6400316F97 /* Project object */ = {
			isa = PBXProject;
			attributes = {
				LastSwiftUpdateCheck = 1000;
				LastUpgradeCheck = 1000;
				ORGANIZATIONNAME = jiaxin;
				TargetAttributes = {
					1904AA2221D31F6400316F97 = {
						CreatedOnToolsVersion = 10.0;
					};
				};
			};
			buildConfigurationList = 1904AA1E21D31F6400316F97 /* Build configuration list for PBXProject "JXSegmentedView" */;
			compatibilityVersion = "Xcode 9.3";
			developmentRegion = en;
			hasScannedForEncodings = 0;
			knownRegions = (
				en,
				Base,
			);
			mainGroup = 1904AA1A21D31F6400316F97;
			productRefGroup = 1904AA2421D31F6400316F97 /* Products */;
			projectDirPath = "";
			projectRoot = "";
			targets = (
				1904AA2221D31F6400316F97 /* JXSegmentedView */,
			);
		};
/* End PBXProject section */

/* Begin PBXResourcesBuildPhase section */
		1904AA2121D31F6400316F97 /* Resources */ = {
			isa = PBXResourcesBuildPhase;
			buildActionMask = 2147483647;
			files = (
				1904AA3121D31F6700316F97 /* LaunchScreen.storyboard in Resources */,
				1904AA2E21D31F6700316F97 /* Assets.xcassets in Resources */,
				1904AA2C21D31F6400316F97 /* Main.storyboard in Resources */,
			);
			runOnlyForDeploymentPostprocessing = 0;
		};
/* End PBXResourcesBuildPhase section */

/* Begin PBXSourcesBuildPhase section */
		1904AA1F21D31F6400316F97 /* Sources */ = {
			isa = PBXSourcesBuildPhase;
			buildActionMask = 2147483647;
			files = (
				1904AA7E21D7549600316F97 /* IndicatorCustomizeViewController.swift in Sources */,
				1904AA6021D5C84300316F97 /* JXSegmentedIndicatorRainbowLineView.swift in Sources */,
				1904AA6221D5D2E700316F97 /* JXSegmentedIndicatorBackgroundView.swift in Sources */,
				1904AA4521D3541800316F97 /* JXSegmentedIndicatorParamsModel.swift in Sources */,
				1904AA5C21D38A8600316F97 /* ContentBaseViewController.swift in Sources */,
				195A9BBA21DDD7BB0005B7A7 /* PagingViewController.swift in Sources */,
				1904AA7221D624AC00316F97 /* JXSegmentedDotItemModel.swift in Sources */,
				1904AA5321D36A8700316F97 /* JXSegmentedTitleCell.swift in Sources */,
				1904AA2921D31F6400316F97 /* ViewController.swift in Sources */,
				1904AA4C21D3637300316F97 /* JXSegmentedViewTool.swift in Sources */,
				195A9BB521DDD7990005B7A7 /* JXPagingMainTableView.swift in Sources */,
				1904AA7421D624BC00316F97 /* JXSegmentedDotCell.swift in Sources */,
				195A9BAA21DD9CB30005B7A7 /* JXSegmentedTitleAttributeItemModel.swift in Sources */,
				1904AA3B21D31FBE00316F97 /* JXSegmentedView.swift in Sources */,
				1904AA8021D754C400316F97 /* CellCustomizeViewController.swift in Sources */,
				1904AA6421D5F4B400316F97 /* JXSegmentedIndicatorTriangleView.swift in Sources */,
				1904AA8421D75BA200316F97 /* TitleImageSettingViewController.swift in Sources */,
				195A9BB821DDD7990005B7A7 /* JXPagingListContainerView.swift in Sources */,
				1904AA5721D3732C00316F97 /* ListBaseViewController.swift in Sources */,
				1904AA8221D754F500316F97 /* SpecialCustomizeViewController.swift in Sources */,
				1904AA6721D6041600316F97 /* JXSegmentedBaseDataSource.swift in Sources */,
				195A9BBF21DDD7F90005B7A7 /* PagingViewTableHeaderView.swift in Sources */,
				195A9BAC21DD9CC10005B7A7 /* JXSegmentedTitleAttributeCell.swift in Sources */,
				195A9BB621DDD7990005B7A7 /* JXPagingView.swift in Sources */,
				1904AA7021D6226D00316F97 /* JXSegmentedDotDataSource.swift in Sources */,
				1904AA4F21D3668E00316F97 /* JXSegmentedTitleDataSource.swift in Sources */,
				1904AA6B21D6093600316F97 /* JXSegmentedNumberItemModel.swift in Sources */,
				1904AA7921D70A8800316F97 /* JXSegmentedTitleImageItemModel.swift in Sources */,
				195A9BA821DCC4EA0005B7A7 /* JXSegmentedTitleAttributeDataSource.swift in Sources */,
				1904AA3D21D3212300316F97 /* JXSegmentedBaseItemModel.swift in Sources */,
				1904AA4321D3533E00316F97 /* JXSegmentedIndicatorProtocol.swift in Sources */,
				1904AA5A21D37B8800316F97 /* JXSegmentedListContainerView.swift in Sources */,
				195A9BB721DDD7990005B7A7 /* JXPagingListRefreshView.swift in Sources */,
				1904AA3F21D3215900316F97 /* JXSegmentedBaseCell.swift in Sources */,
				1904AA7B21D70A9B00316F97 /* JXSegmentedTitleImageCell.swift in Sources */,
				1904AA5121D36A6E00316F97 /* JXSegmentedTitleItemModel.swift in Sources */,
				1904AA4A21D35F3100316F97 /* JXSegmentedIndicatorBaseView.swift in Sources */,
				1904AA4821D35EF500316F97 /* JXSegmentedIndicatorLineView.swift in Sources */,
				195A9BC221DDDC8B0005B7A7 /* PagingListBaseView.swift in Sources */,
				1904AA5E21D38D1300316F97 /* TestListBaseView.swift in Sources */,
				1904AA2721D31F6400316F97 /* AppDelegate.swift in Sources */,
				1904AA6D21D612C000316F97 /* JXSegmentedNumberCell.swift in Sources */,
				1904AA7721D70A7100316F97 /* JXSegmentedTitleImageDataSource.swift in Sources */,
				1904AA6921D6090600316F97 /* JXSegmentedNumberDataSource.swift in Sources */,
				1904AA4121D3241E00316F97 /* JXSegmentedCollectionView.swift in Sources */,
				195A9BA321DC8E2D0005B7A7 /* JXSegmentedIndicatorImageView.swift in Sources */,
				195A9BA521DC97DD0005B7A7 /* JXSegmentedIndicatorGradientView.swift in Sources */,
			);
			runOnlyForDeploymentPostprocessing = 0;
		};
/* End PBXSourcesBuildPhase section */

/* Begin PBXVariantGroup section */
		1904AA2A21D31F6400316F97 /* Main.storyboard */ = {
			isa = PBXVariantGroup;
			children = (
				1904AA2B21D31F6400316F97 /* Base */,
			);
			name = Main.storyboard;
			sourceTree = "<group>";
		};
		1904AA2F21D31F6700316F97 /* LaunchScreen.storyboard */ = {
			isa = PBXVariantGroup;
			children = (
				1904AA3021D31F6700316F97 /* Base */,
			);
			name = LaunchScreen.storyboard;
			sourceTree = "<group>";
		};
/* End PBXVariantGroup section */

/* Begin XCBuildConfiguration section */
		1904AA3321D31F6700316F97 /* Debug */ = {
			isa = XCBuildConfiguration;
			buildSettings = {
				ALWAYS_SEARCH_USER_PATHS = NO;
				CLANG_ANALYZER_NONNULL = YES;
				CLANG_ANALYZER_NUMBER_OBJECT_CONVERSION = YES_AGGRESSIVE;
				CLANG_CXX_LANGUAGE_STANDARD = "gnu++14";
				CLANG_CXX_LIBRARY = "libc++";
				CLANG_ENABLE_MODULES = YES;
				CLANG_ENABLE_OBJC_ARC = YES;
				CLANG_ENABLE_OBJC_WEAK = YES;
				CLANG_WARN_BLOCK_CAPTURE_AUTORELEASING = YES;
				CLANG_WARN_BOOL_CONVERSION = YES;
				CLANG_WARN_COMMA = YES;
				CLANG_WARN_CONSTANT_CONVERSION = YES;
				CLANG_WARN_DEPRECATED_OBJC_IMPLEMENTATIONS = YES;
				CLANG_WARN_DIRECT_OBJC_ISA_USAGE = YES_ERROR;
				CLANG_WARN_DOCUMENTATION_COMMENTS = YES;
				CLANG_WARN_EMPTY_BODY = YES;
				CLANG_WARN_ENUM_CONVERSION = YES;
				CLANG_WARN_INFINITE_RECURSION = YES;
				CLANG_WARN_INT_CONVERSION = YES;
				CLANG_WARN_NON_LITERAL_NULL_CONVERSION = YES;
				CLANG_WARN_OBJC_IMPLICIT_RETAIN_SELF = YES;
				CLANG_WARN_OBJC_LITERAL_CONVERSION = YES;
				CLANG_WARN_OBJC_ROOT_CLASS = YES_ERROR;
				CLANG_WARN_RANGE_LOOP_ANALYSIS = YES;
				CLANG_WARN_STRICT_PROTOTYPES = YES;
				CLANG_WARN_SUSPICIOUS_MOVE = YES;
				CLANG_WARN_UNGUARDED_AVAILABILITY = YES_AGGRESSIVE;
				CLANG_WARN_UNREACHABLE_CODE = YES;
				CLANG_WARN__DUPLICATE_METHOD_MATCH = YES;
				CODE_SIGN_IDENTITY = "iPhone Developer";
				COPY_PHASE_STRIP = NO;
				DEBUG_INFORMATION_FORMAT = dwarf;
				ENABLE_STRICT_OBJC_MSGSEND = YES;
				ENABLE_TESTABILITY = YES;
				GCC_C_LANGUAGE_STANDARD = gnu11;
				GCC_DYNAMIC_NO_PIC = NO;
				GCC_NO_COMMON_BLOCKS = YES;
				GCC_OPTIMIZATION_LEVEL = 0;
				GCC_PREPROCESSOR_DEFINITIONS = (
					"DEBUG=1",
					"$(inherited)",
				);
				GCC_WARN_64_TO_32_BIT_CONVERSION = YES;
				GCC_WARN_ABOUT_RETURN_TYPE = YES_ERROR;
				GCC_WARN_UNDECLARED_SELECTOR = YES;
				GCC_WARN_UNINITIALIZED_AUTOS = YES_AGGRESSIVE;
				GCC_WARN_UNUSED_FUNCTION = YES;
				GCC_WARN_UNUSED_VARIABLE = YES;
				IPHONEOS_DEPLOYMENT_TARGET = 12.0;
				MTL_ENABLE_DEBUG_INFO = INCLUDE_SOURCE;
				MTL_FAST_MATH = YES;
				ONLY_ACTIVE_ARCH = YES;
				SDKROOT = iphoneos;
				SWIFT_ACTIVE_COMPILATION_CONDITIONS = DEBUG;
				SWIFT_OPTIMIZATION_LEVEL = "-Onone";
			};
			name = Debug;
		};
		1904AA3421D31F6700316F97 /* Release */ = {
			isa = XCBuildConfiguration;
			buildSettings = {
				ALWAYS_SEARCH_USER_PATHS = NO;
				CLANG_ANALYZER_NONNULL = YES;
				CLANG_ANALYZER_NUMBER_OBJECT_CONVERSION = YES_AGGRESSIVE;
				CLANG_CXX_LANGUAGE_STANDARD = "gnu++14";
				CLANG_CXX_LIBRARY = "libc++";
				CLANG_ENABLE_MODULES = YES;
				CLANG_ENABLE_OBJC_ARC = YES;
				CLANG_ENABLE_OBJC_WEAK = YES;
				CLANG_WARN_BLOCK_CAPTURE_AUTORELEASING = YES;
				CLANG_WARN_BOOL_CONVERSION = YES;
				CLANG_WARN_COMMA = YES;
				CLANG_WARN_CONSTANT_CONVERSION = YES;
				CLANG_WARN_DEPRECATED_OBJC_IMPLEMENTATIONS = YES;
				CLANG_WARN_DIRECT_OBJC_ISA_USAGE = YES_ERROR;
				CLANG_WARN_DOCUMENTATION_COMMENTS = YES;
				CLANG_WARN_EMPTY_BODY = YES;
				CLANG_WARN_ENUM_CONVERSION = YES;
				CLANG_WARN_INFINITE_RECURSION = YES;
				CLANG_WARN_INT_CONVERSION = YES;
				CLANG_WARN_NON_LITERAL_NULL_CONVERSION = YES;
				CLANG_WARN_OBJC_IMPLICIT_RETAIN_SELF = YES;
				CLANG_WARN_OBJC_LITERAL_CONVERSION = YES;
				CLANG_WARN_OBJC_ROOT_CLASS = YES_ERROR;
				CLANG_WARN_RANGE_LOOP_ANALYSIS = YES;
				CLANG_WARN_STRICT_PROTOTYPES = YES;
				CLANG_WARN_SUSPICIOUS_MOVE = YES;
				CLANG_WARN_UNGUARDED_AVAILABILITY = YES_AGGRESSIVE;
				CLANG_WARN_UNREACHABLE_CODE = YES;
				CLANG_WARN__DUPLICATE_METHOD_MATCH = YES;
				CODE_SIGN_IDENTITY = "iPhone Developer";
				COPY_PHASE_STRIP = NO;
				DEBUG_INFORMATION_FORMAT = "dwarf-with-dsym";
				ENABLE_NS_ASSERTIONS = NO;
				ENABLE_STRICT_OBJC_MSGSEND = YES;
				GCC_C_LANGUAGE_STANDARD = gnu11;
				GCC_NO_COMMON_BLOCKS = YES;
				GCC_WARN_64_TO_32_BIT_CONVERSION = YES;
				GCC_WARN_ABOUT_RETURN_TYPE = YES_ERROR;
				GCC_WARN_UNDECLARED_SELECTOR = YES;
				GCC_WARN_UNINITIALIZED_AUTOS = YES_AGGRESSIVE;
				GCC_WARN_UNUSED_FUNCTION = YES;
				GCC_WARN_UNUSED_VARIABLE = YES;
				IPHONEOS_DEPLOYMENT_TARGET = 12.0;
				MTL_ENABLE_DEBUG_INFO = NO;
				MTL_FAST_MATH = YES;
				SDKROOT = iphoneos;
				SWIFT_COMPILATION_MODE = wholemodule;
				SWIFT_OPTIMIZATION_LEVEL = "-O";
				VALIDATE_PRODUCT = YES;
			};
			name = Release;
		};
		1904AA3621D31F6700316F97 /* Debug */ = {
			isa = XCBuildConfiguration;
			buildSettings = {
				ASSETCATALOG_COMPILER_APPICON_NAME = AppIcon;
				CODE_SIGN_STYLE = Manual;
				DEVELOPMENT_TEAM = "";
				INFOPLIST_FILE = JXSegmentedView/Info.plist;
				IPHONEOS_DEPLOYMENT_TARGET = 8.0;
				LD_RUNPATH_SEARCH_PATHS = (
					"$(inherited)",
					"@executable_path/Frameworks",
				);
				PRODUCT_BUNDLE_IDENTIFIER = jiaxin.JXSegmentedView;
				PRODUCT_NAME = "$(TARGET_NAME)";
				PROVISIONING_PROFILE_SPECIFIER = "";
				SWIFT_VERSION = 4.2;
				TARGETED_DEVICE_FAMILY = "1,2";
			};
			name = Debug;
		};
		1904AA3721D31F6700316F97 /* Release */ = {
			isa = XCBuildConfiguration;
			buildSettings = {
				ASSETCATALOG_COMPILER_APPICON_NAME = AppIcon;
				CODE_SIGN_STYLE = Manual;
				DEVELOPMENT_TEAM = "";
				INFOPLIST_FILE = JXSegmentedView/Info.plist;
				IPHONEOS_DEPLOYMENT_TARGET = 8.0;
				LD_RUNPATH_SEARCH_PATHS = (
					"$(inherited)",
					"@executable_path/Frameworks",
				);
				PRODUCT_BUNDLE_IDENTIFIER = jiaxin.JXSegmentedView;
				PRODUCT_NAME = "$(TARGET_NAME)";
				PROVISIONING_PROFILE_SPECIFIER = "";
				SWIFT_VERSION = 4.2;
				TARGETED_DEVICE_FAMILY = "1,2";
			};
			name = Release;
		};
/* End XCBuildConfiguration section */

/* Begin XCConfigurationList section */
		1904AA1E21D31F6400316F97 /* Build configuration list for PBXProject "JXSegmentedView" */ = {
			isa = XCConfigurationList;
			buildConfigurations = (
				1904AA3321D31F6700316F97 /* Debug */,
				1904AA3421D31F6700316F97 /* Release */,
			);
			defaultConfigurationIsVisible = 0;
			defaultConfigurationName = Release;
		};
		1904AA3521D31F6700316F97 /* Build configuration list for PBXNativeTarget "JXSegmentedView" */ = {
			isa = XCConfigurationList;
			buildConfigurations = (
				1904AA3621D31F6700316F97 /* Debug */,
				1904AA3721D31F6700316F97 /* Release */,
			);
			defaultConfigurationIsVisible = 0;
			defaultConfigurationName = Release;
		};
/* End XCConfigurationList section */
	};
	rootObject = 1904AA1B21D31F6400316F97 /* Project object */;
}
